// !$*UTF8*$!
{
	archiveVersion = 1;
	classes = {
	};
	objectVersion = 48;
	objects = {

/* Begin PBXBuildFile section */
		0434A9F61FD5691900D63B93 /* CLItemManager.m in Sources */ = {isa = PBXBuildFile; fileRef = 0434A9F51FD5691900D63B93 /* CLItemManager.m */; };
		0456BF651FD3AE6F001A1C69 /* AppDelegate.m in Sources */ = {isa = PBXBuildFile; fileRef = 0456BF5A1FD3AE6F001A1C69 /* AppDelegate.m */; };
		0456BF661FD3AE6F001A1C69 /* UIView+CLExtention.m in Sources */ = {isa = PBXBuildFile; fileRef = 0456BF5D1FD3AE6F001A1C69 /* UIView+CLExtention.m */; };
		0456BF671FD3AE6F001A1C69 /* CLTabBar.m in Sources */ = {isa = PBXBuildFile; fileRef = 0456BF621FD3AE6F001A1C69 /* CLTabBar.m */; };
		0456BF681FD3AE6F001A1C69 /* TabBarViewController.m in Sources */ = {isa = PBXBuildFile; fileRef = 0456BF641FD3AE6F001A1C69 /* TabBarViewController.m */; };
		0456BF6C1FD3AEF8001A1C69 /* CLEssenceViewController.m in Sources */ = {isa = PBXBuildFile; fileRef = 0456BF6B1FD3AEF8001A1C69 /* CLEssenceViewController.m */; };
		0456BF721FD3AF35001A1C69 /* CLNewPostsViewController.m in Sources */ = {isa = PBXBuildFile; fileRef = 0456BF711FD3AF35001A1C69 /* CLNewPostsViewController.m */; };
		0456BF7A1FD3AF7B001A1C69 /* CLFollowViewController.m in Sources */ = {isa = PBXBuildFile; fileRef = 0456BF791FD3AF7B001A1C69 /* CLFollowViewController.m */; };
		0456BF801FD3AFB5001A1C69 /* CLMeViewController.m in Sources */ = {isa = PBXBuildFile; fileRef = 0456BF7F1FD3AFB5001A1C69 /* CLMeViewController.m */; };
		048998851FE160F100FA0A30 /* CLLoginRegisterTextField.m in Sources */ = {isa = PBXBuildFile; fileRef = 048998841FE160F100FA0A30 /* CLLoginRegisterTextField.m */; };
		04ABA3BD1FDEBDBF00CA9D9B /* CLLoginRegisterViewController.m in Sources */ = {isa = PBXBuildFile; fileRef = 04ABA3BB1FDEBDBF00CA9D9B /* CLLoginRegisterViewController.m */; };
		04ABA3BE1FDEBDBF00CA9D9B /* CLLoginRegisterViewController.xib in Resources */ = {isa = PBXBuildFile; fileRef = 04ABA3BC1FDEBDBF00CA9D9B /* CLLoginRegisterViewController.xib */; };
		04ABA3C01FDEC39100CA9D9B /* CLFollowViewController.xib in Resources */ = {isa = PBXBuildFile; fileRef = 04ABA3BF1FDEC39100CA9D9B /* CLFollowViewController.xib */; };
		04ABA3C31FDED5A300CA9D9B /* CLButton.m in Sources */ = {isa = PBXBuildFile; fileRef = 04ABA3C21FDED5A300CA9D9B /* CLButton.m */; };
		04CE4A2B1FCC407A00B3798E /* Assets.xcassets in Resources */ = {isa = PBXBuildFile; fileRef = 04CE4A2A1FCC407A00B3798E /* Assets.xcassets */; };
		04CE4A311FCC407A00B3798E /* main.m in Sources */ = {isa = PBXBuildFile; fileRef = 04CE4A301FCC407A00B3798E /* main.m */; };
		04DAF25E1FD834A5001A8BD9 /* CLNavigationController.m in Sources */ = {isa = PBXBuildFile; fileRef = 04DAF25D1FD834A5001A8BD9 /* CLNavigationController.m */; };
		04DAF2611FD83A28001A8BD9 /* CLSettingController.m in Sources */ = {isa = PBXBuildFile; fileRef = 04DAF2601FD83A28001A8BD9 /* CLSettingController.m */; };
/* End PBXBuildFile section */

/* Begin PBXFileReference section */
		0434A9F41FD5691900D63B93 /* CLItemManager.h */ = {isa = PBXFileReference; lastKnownFileType = sourcecode.c.h; path = CLItemManager.h; sourceTree = "<group>"; };
		0434A9F51FD5691900D63B93 /* CLItemManager.m */ = {isa = PBXFileReference; lastKnownFileType = sourcecode.c.objc; path = CLItemManager.m; sourceTree = "<group>"; };
		0456BF511FD3A73E001A1C69 /* SystemConfiguration.framework */ = {isa = PBXFileReference; lastKnownFileType = wrapper.framework; name = SystemConfiguration.framework; path = System/Library/Frameworks/SystemConfiguration.framework; sourceTree = SDKROOT; };
		0456BF591FD3AE6F001A1C69 /* AppDelegate.h */ = {isa = PBXFileReference; fileEncoding = 4; lastKnownFileType = sourcecode.c.h; path = AppDelegate.h; sourceTree = "<group>"; };
		0456BF5A1FD3AE6F001A1C69 /* AppDelegate.m */ = {isa = PBXFileReference; fileEncoding = 4; lastKnownFileType = sourcecode.c.objc; path = AppDelegate.m; sourceTree = "<group>"; };
		0456BF5C1FD3AE6F001A1C69 /* UIView+CLExtention.h */ = {isa = PBXFileReference; fileEncoding = 4; lastKnownFileType = sourcecode.c.h; path = "UIView+CLExtention.h"; sourceTree = "<group>"; };
		0456BF5D1FD3AE6F001A1C69 /* UIView+CLExtention.m */ = {isa = PBXFileReference; fileEncoding = 4; lastKnownFileType = sourcecode.c.objc; path = "UIView+CLExtention.m"; sourceTree = "<group>"; };
		0456BF5E1FD3AE6F001A1C69 /* PrefixHeader.pch */ = {isa = PBXFileReference; fileEncoding = 4; lastKnownFileType = sourcecode.c.h; path = PrefixHeader.pch; sourceTree = "<group>"; };
		0456BF611FD3AE6F001A1C69 /* CLTabBar.h */ = {isa = PBXFileReference; fileEncoding = 4; lastKnownFileType = sourcecode.c.h; path = CLTabBar.h; sourceTree = "<group>"; };
		0456BF621FD3AE6F001A1C69 /* CLTabBar.m */ = {isa = PBXFileReference; fileEncoding = 4; lastKnownFileType = sourcecode.c.objc; path = CLTabBar.m; sourceTree = "<group>"; };
		0456BF631FD3AE6F001A1C69 /* TabBarViewController.h */ = {isa = PBXFileReference; fileEncoding = 4; lastKnownFileType = sourcecode.c.h; path = TabBarViewController.h; sourceTree = "<group>"; };
		0456BF641FD3AE6F001A1C69 /* TabBarViewController.m */ = {isa = PBXFileReference; fileEncoding = 4; lastKnownFileType = sourcecode.c.objc; path = TabBarViewController.m; sourceTree = "<group>"; };
		0456BF6A1FD3AEF8001A1C69 /* CLEssenceViewController.h */ = {isa = PBXFileReference; lastKnownFileType = sourcecode.c.h; path = CLEssenceViewController.h; sourceTree = "<group>"; };
		0456BF6B1FD3AEF8001A1C69 /* CLEssenceViewController.m */ = {isa = PBXFileReference; lastKnownFileType = sourcecode.c.objc; path = CLEssenceViewController.m; sourceTree = "<group>"; };
		0456BF701FD3AF35001A1C69 /* CLNewPostsViewController.h */ = {isa = PBXFileReference; lastKnownFileType = sourcecode.c.h; path = CLNewPostsViewController.h; sourceTree = "<group>"; };
		0456BF711FD3AF35001A1C69 /* CLNewPostsViewController.m */ = {isa = PBXFileReference; lastKnownFileType = sourcecode.c.objc; path = CLNewPostsViewController.m; sourceTree = "<group>"; };
		0456BF781FD3AF7B001A1C69 /* CLFollowViewController.h */ = {isa = PBXFileReference; lastKnownFileType = sourcecode.c.h; path = CLFollowViewController.h; sourceTree = "<group>"; };
		0456BF791FD3AF7B001A1C69 /* CLFollowViewController.m */ = {isa = PBXFileReference; lastKnownFileType = sourcecode.c.objc; path = CLFollowViewController.m; sourceTree = "<group>"; };
		0456BF7E1FD3AFB5001A1C69 /* CLMeViewController.h */ = {isa = PBXFileReference; lastKnownFileType = sourcecode.c.h; path = CLMeViewController.h; sourceTree = "<group>"; };
		0456BF7F1FD3AFB5001A1C69 /* CLMeViewController.m */ = {isa = PBXFileReference; lastKnownFileType = sourcecode.c.objc; path = CLMeViewController.m; sourceTree = "<group>"; };
		048998831FE160F100FA0A30 /* CLLoginRegisterTextField.h */ = {isa = PBXFileReference; lastKnownFileType = sourcecode.c.h; path = CLLoginRegisterTextField.h; sourceTree = "<group>"; };
		048998841FE160F100FA0A30 /* CLLoginRegisterTextField.m */ = {isa = PBXFileReference; lastKnownFileType = sourcecode.c.objc; path = CLLoginRegisterTextField.m; sourceTree = "<group>"; };
		04ABA3BA1FDEBDBF00CA9D9B /* CLLoginRegisterViewController.h */ = {isa = PBXFileReference; lastKnownFileType = sourcecode.c.h; path = CLLoginRegisterViewController.h; sourceTree = "<group>"; };
		04ABA3BB1FDEBDBF00CA9D9B /* CLLoginRegisterViewController.m */ = {isa = PBXFileReference; lastKnownFileType = sourcecode.c.objc; path = CLLoginRegisterViewController.m; sourceTree = "<group>"; };
		04ABA3BC1FDEBDBF00CA9D9B /* CLLoginRegisterViewController.xib */ = {isa = PBXFileReference; lastKnownFileType = file.xib; path = CLLoginRegisterViewController.xib; sourceTree = "<group>"; };
		04ABA3BF1FDEC39100CA9D9B /* CLFollowViewController.xib */ = {isa = PBXFileReference; lastKnownFileType = file.xib; path = CLFollowViewController.xib; sourceTree = "<group>"; };
		04ABA3C11FDED5A300CA9D9B /* CLButton.h */ = {isa = PBXFileReference; lastKnownFileType = sourcecode.c.h; path = CLButton.h; sourceTree = "<group>"; };
		04ABA3C21FDED5A300CA9D9B /* CLButton.m */ = {isa = PBXFileReference; lastKnownFileType = sourcecode.c.objc; path = CLButton.m; sourceTree = "<group>"; };
		04CE4A1E1FCC407A00B3798E /* 百思不得其解.app */ = {isa = PBXFileReference; explicitFileType = wrapper.application; includeInIndex = 0; path = "百思不得其解.app"; sourceTree = BUILT_PRODUCTS_DIR; };
		04CE4A2A1FCC407A00B3798E /* Assets.xcassets */ = {isa = PBXFileReference; lastKnownFileType = folder.assetcatalog; path = Assets.xcassets; sourceTree = "<group>"; };
		04CE4A2F1FCC407A00B3798E /* Info.plist */ = {isa = PBXFileReference; lastKnownFileType = text.plist.xml; path = Info.plist; sourceTree = "<group>"; };
		04CE4A301FCC407A00B3798E /* main.m */ = {isa = PBXFileReference; lastKnownFileType = sourcecode.c.objc; path = main.m; sourceTree = "<group>"; };
		04DAF25C1FD834A5001A8BD9 /* CLNavigationController.h */ = {isa = PBXFileReference; lastKnownFileType = sourcecode.c.h; path = CLNavigationController.h; sourceTree = "<group>"; };
		04DAF25D1FD834A5001A8BD9 /* CLNavigationController.m */ = {isa = PBXFileReference; lastKnownFileType = sourcecode.c.objc; path = CLNavigationController.m; sourceTree = "<group>"; };
		04DAF25F1FD83A28001A8BD9 /* CLSettingController.h */ = {isa = PBXFileReference; lastKnownFileType = sourcecode.c.h; path = CLSettingController.h; sourceTree = "<group>"; };
		04DAF2601FD83A28001A8BD9 /* CLSettingController.m */ = {isa = PBXFileReference; lastKnownFileType = sourcecode.c.objc; path = CLSettingController.m; sourceTree = "<group>"; };
/* End PBXFileReference section */

/* Begin PBXFrameworksBuildPhase section */
		04CE4A1B1FCC407A00B3798E /* Frameworks */ = {
			isa = PBXFrameworksBuildPhase;
			buildActionMask = 2147483647;
			files = (
			);
			runOnlyForDeploymentPostprocessing = 0;
		};
/* End PBXFrameworksBuildPhase section */

/* Begin PBXGroup section */
		041CCFC31FD0510500588155 /* Classes */ = {
			isa = PBXGroup;
			children = (
				0456BF531FD3AE4C001A1C69 /* Essence(精华) */,
				0456BF561FD3AE6F001A1C69 /* NewPosts(新帖) */,
				0456BF541FD3AE58001A1C69 /* Follow(关注) */,
				0456BF571FD3AE6F001A1C69 /* Me(我) */,
				0456BF581FD3AE6F001A1C69 /* Others(其他) */,
			);
			path = Classes;
			sourceTree = "<group>";
		};
		0434A9F21FD558C200D63B93 /* View */ = {
			isa = PBXGroup;
			children = (
				04ABA3C11FDED5A300CA9D9B /* CLButton.h */,
				04ABA3C21FDED5A300CA9D9B /* CLButton.m */,
				048998831FE160F100FA0A30 /* CLLoginRegisterTextField.h */,
				048998841FE160F100FA0A30 /* CLLoginRegisterTextField.m */,
			);
			path = View;
			sourceTree = "<group>";
		};
		0434A9F31FD5683600D63B93 /* Manager */ = {
			isa = PBXGroup;
			children = (
				0434A9F41FD5691900D63B93 /* CLItemManager.h */,
				0434A9F51FD5691900D63B93 /* CLItemManager.m */,
			);
			path = Manager;
			sourceTree = "<group>";
		};
		0456BF501FD3A73D001A1C69 /* Frameworks */ = {
			isa = PBXGroup;
			children = (
				0456BF511FD3A73E001A1C69 /* SystemConfiguration.framework */,
			);
			name = Frameworks;
			sourceTree = "<group>";
		};
		0456BF531FD3AE4C001A1C69 /* Essence(精华) */ = {
			isa = PBXGroup;
			children = (
				0456BF6E1FD3AF11001A1C69 /* View */,
				0456BF6D1FD3AEFD001A1C69 /* Model */,
				0456BF691FD3AEC7001A1C69 /* ViewController */,
			);
			path = "Essence(精华)";
			sourceTree = "<group>";
		};
		0456BF541FD3AE58001A1C69 /* Follow(关注) */ = {
			isa = PBXGroup;
			children = (
				0456BF751FD3AF59001A1C69 /* View */,
				0456BF761FD3AF5F001A1C69 /* Model */,
				0456BF771FD3AF69001A1C69 /* ViewController */,
			);
			path = "Follow(关注)";
			sourceTree = "<group>";
		};
		0456BF561FD3AE6F001A1C69 /* NewPosts(新帖) */ = {
			isa = PBXGroup;
			children = (
				0456BF731FD3AF39001A1C69 /* View */,
				0456BF741FD3AF46001A1C69 /* Model */,
				0456BF6F1FD3AF1C001A1C69 /* ViewController */,
			);
			path = "NewPosts(新帖)";
			sourceTree = "<group>";
		};
		0456BF571FD3AE6F001A1C69 /* Me(我) */ = {
			isa = PBXGroup;
			children = (
				0456BF7D1FD3AFA6001A1C69 /* View */,
				0456BF7C1FD3AF97001A1C69 /* Model */,
				0456BF7B1FD3AF8A001A1C69 /* ViewController */,
			);
			path = "Me(我)";
			sourceTree = "<group>";
		};
		0456BF581FD3AE6F001A1C69 /* Others(其他) */ = {
			isa = PBXGroup;
			children = (
				0434A9F31FD5683600D63B93 /* Manager */,
				0434A9F21FD558C200D63B93 /* View */,
				0456BF591FD3AE6F001A1C69 /* AppDelegate.h */,
				0456BF5A1FD3AE6F001A1C69 /* AppDelegate.m */,
				0456BF5B1FD3AE6F001A1C69 /* Category */,
				0456BF601FD3AE6F001A1C69 /* ViewController */,
			);
			path = "Others(其他)";
			sourceTree = "<group>";
		};
		0456BF5B1FD3AE6F001A1C69 /* Category */ = {
			isa = PBXGroup;
			children = (
				0456BF5C1FD3AE6F001A1C69 /* UIView+CLExtention.h */,
				0456BF5D1FD3AE6F001A1C69 /* UIView+CLExtention.m */,
			);
			path = Category;
			sourceTree = "<group>";
		};
		0456BF601FD3AE6F001A1C69 /* ViewController */ = {
			isa = PBXGroup;
			children = (
				0456BF611FD3AE6F001A1C69 /* CLTabBar.h */,
				0456BF621FD3AE6F001A1C69 /* CLTabBar.m */,
				0456BF631FD3AE6F001A1C69 /* TabBarViewController.h */,
				0456BF641FD3AE6F001A1C69 /* TabBarViewController.m */,
				04DAF25C1FD834A5001A8BD9 /* CLNavigationController.h */,
				04DAF25D1FD834A5001A8BD9 /* CLNavigationController.m */,
				04ABA3BA1FDEBDBF00CA9D9B /* CLLoginRegisterViewController.h */,
				04ABA3BB1FDEBDBF00CA9D9B /* CLLoginRegisterViewController.m */,
				04ABA3BC1FDEBDBF00CA9D9B /* CLLoginRegisterViewController.xib */,
			);
			path = ViewController;
			sourceTree = "<group>";
		};
		0456BF691FD3AEC7001A1C69 /* ViewController */ = {
			isa = PBXGroup;
			children = (
				0456BF6A1FD3AEF8001A1C69 /* CLEssenceViewController.h */,
				0456BF6B1FD3AEF8001A1C69 /* CLEssenceViewController.m */,
			);
			path = ViewController;
			sourceTree = "<group>";
		};
		0456BF6D1FD3AEFD001A1C69 /* Model */ = {
			isa = PBXGroup;
			children = (
			);
			path = Model;
			sourceTree = "<group>";
		};
		0456BF6E1FD3AF11001A1C69 /* View */ = {
			isa = PBXGroup;
			children = (
			);
			path = View;
			sourceTree = "<group>";
		};
		0456BF6F1FD3AF1C001A1C69 /* ViewController */ = {
			isa = PBXGroup;
			children = (
				0456BF701FD3AF35001A1C69 /* CLNewPostsViewController.h */,
				0456BF711FD3AF35001A1C69 /* CLNewPostsViewController.m */,
			);
			path = ViewController;
			sourceTree = "<group>";
		};
		0456BF731FD3AF39001A1C69 /* View */ = {
			isa = PBXGroup;
			children = (
			);
			path = View;
			sourceTree = "<group>";
		};
		0456BF741FD3AF46001A1C69 /* Model */ = {
			isa = PBXGroup;
			children = (
			);
			path = Model;
			sourceTree = "<group>";
		};
		0456BF751FD3AF59001A1C69 /* View */ = {
			isa = PBXGroup;
			children = (
			);
			path = View;
			sourceTree = "<group>";
		};
		0456BF761FD3AF5F001A1C69 /* Model */ = {
			isa = PBXGroup;
			children = (
			);
			path = Model;
			sourceTree = "<group>";
		};
		0456BF771FD3AF69001A1C69 /* ViewController */ = {
			isa = PBXGroup;
			children = (
				0456BF781FD3AF7B001A1C69 /* CLFollowViewController.h */,
				0456BF791FD3AF7B001A1C69 /* CLFollowViewController.m */,
				04ABA3BF1FDEC39100CA9D9B /* CLFollowViewController.xib */,
			);
			path = ViewController;
			sourceTree = "<group>";
		};
		0456BF7B1FD3AF8A001A1C69 /* ViewController */ = {
			isa = PBXGroup;
			children = (
				0456BF7E1FD3AFB5001A1C69 /* CLMeViewController.h */,
				0456BF7F1FD3AFB5001A1C69 /* CLMeViewController.m */,
				04DAF25F1FD83A28001A8BD9 /* CLSettingController.h */,
				04DAF2601FD83A28001A8BD9 /* CLSettingController.m */,
			);
			path = ViewController;
			sourceTree = "<group>";
		};
		0456BF7C1FD3AF97001A1C69 /* Model */ = {
			isa = PBXGroup;
			children = (
			);
			path = Model;
			sourceTree = "<group>";
		};
		0456BF7D1FD3AFA6001A1C69 /* View */ = {
			isa = PBXGroup;
			children = (
			);
			path = View;
			sourceTree = "<group>";
		};
		04CE4A151FCC407A00B3798E = {
			isa = PBXGroup;
			children = (
				04CE4A201FCC407A00B3798E /* 百思不得其解 */,
				04CE4A1F1FCC407A00B3798E /* Products */,
				0456BF501FD3A73D001A1C69 /* Frameworks */,
			);
			sourceTree = "<group>";
		};
		04CE4A1F1FCC407A00B3798E /* Products */ = {
			isa = PBXGroup;
			children = (
				04CE4A1E1FCC407A00B3798E /* 百思不得其解.app */,
			);
			name = Products;
			sourceTree = "<group>";
		};
		04CE4A201FCC407A00B3798E /* 百思不得其解 */ = {
			isa = PBXGroup;
			children = (
				041CCFC31FD0510500588155 /* Classes */,
				04CE4A371FCC409700B3798E /* Supporting Files */,
			);
			path = "百思不得其解";
			sourceTree = "<group>";
		};
		04CE4A371FCC409700B3798E /* Supporting Files */ = {
			isa = PBXGroup;
			children = (
				0456BF5E1FD3AE6F001A1C69 /* PrefixHeader.pch */,
				04CE4A2F1FCC407A00B3798E /* Info.plist */,
				04CE4A2A1FCC407A00B3798E /* Assets.xcassets */,
				04CE4A301FCC407A00B3798E /* main.m */,
			);
			path = "Supporting Files";
			sourceTree = "<group>";
		};
/* End PBXGroup section */

/* Begin PBXNativeTarget section */
		04CE4A1D1FCC407A00B3798E /* 百思不得其解 */ = {
			isa = PBXNativeTarget;
			buildConfigurationList = 04CE4A341FCC407A00B3798E /* Build configuration list for PBXNativeTarget "百思不得其解" */;
			buildPhases = (
				04CE4A1A1FCC407A00B3798E /* Sources */,
				04CE4A1B1FCC407A00B3798E /* Frameworks */,
				04CE4A1C1FCC407A00B3798E /* Resources */,
			);
			buildRules = (
			);
			dependencies = (
			);
			name = "百思不得其解";
			productName = "百思不得其解";
			productReference = 04CE4A1E1FCC407A00B3798E /* 百思不得其解.app */;
			productType = "com.apple.product-type.application";
		};
/* End PBXNativeTarget section */

/* Begin PBXProject section */
		04CE4A161FCC407A00B3798E /* Project object */ = {
			isa = PBXProject;
			attributes = {
				CLASSPREFIX = CL;
				LastUpgradeCheck = 0910;
				ORGANIZATIONNAME = LongCh;
				TargetAttributes = {
					04CE4A1D1FCC407A00B3798E = {
						CreatedOnToolsVersion = 9.1;
						ProvisioningStyle = Automatic;
					};
				};
			};
			buildConfigurationList = 04CE4A191FCC407A00B3798E /* Build configuration list for PBXProject "百思不得其解" */;
			compatibilityVersion = "Xcode 8.0";
			developmentRegion = en;
			hasScannedForEncodings = 0;
			knownRegions = (
				en,
				Base,
			);
			mainGroup = 04CE4A151FCC407A00B3798E;
			productRefGroup = 04CE4A1F1FCC407A00B3798E /* Products */;
			projectDirPath = "";
			projectRoot = "";
			targets = (
				04CE4A1D1FCC407A00B3798E /* 百思不得其解 */,
			);
		};
/* End PBXProject section */

/* Begin PBXResourcesBuildPhase section */
		04CE4A1C1FCC407A00B3798E /* Resources */ = {
			isa = PBXResourcesBuildPhase;
			buildActionMask = 2147483647;
			files = (
				04CE4A2B1FCC407A00B3798E /* Assets.xcassets in Resources */,
				04ABA3BE1FDEBDBF00CA9D9B /* CLLoginRegisterViewController.xib in Resources */,
				04ABA3C01FDEC39100CA9D9B /* CLFollowViewController.xib in Resources */,
			);
			runOnlyForDeploymentPostprocessing = 0;
		};
/* End PBXResourcesBuildPhase section */

/* Begin PBXSourcesBuildPhase section */
		04CE4A1A1FCC407A00B3798E /* Sources */ = {
			isa = PBXSourcesBuildPhase;
			buildActionMask = 2147483647;
			files = (
				0456BF681FD3AE6F001A1C69 /* TabBarViewController.m in Sources */,
				048998851FE160F100FA0A30 /* CLLoginRegisterTextField.m in Sources */,
				04DAF2611FD83A28001A8BD9 /* CLSettingController.m in Sources */,
				0456BF671FD3AE6F001A1C69 /* CLTabBar.m in Sources */,
				0456BF651FD3AE6F001A1C69 /* AppDelegate.m in Sources */,
				04ABA3C31FDED5A300CA9D9B /* CLButton.m in Sources */,
				0456BF661FD3AE6F001A1C69 /* UIView+CLExtention.m in Sources */,
				0456BF7A1FD3AF7B001A1C69 /* CLFollowViewController.m in Sources */,
				04ABA3BD1FDEBDBF00CA9D9B /* CLLoginRegisterViewController.m in Sources */,
				0434A9F61FD5691900D63B93 /* CLItemManager.m in Sources */,
				04DAF25E1FD834A5001A8BD9 /* CLNavigationController.m in Sources */,
				0456BF6C1FD3AEF8001A1C69 /* CLEssenceViewController.m in Sources */,
				04CE4A311FCC407A00B3798E /* main.m in Sources */,
				0456BF721FD3AF35001A1C69 /* CLNewPostsViewController.m in Sources */,
				0456BF801FD3AFB5001A1C69 /* CLMeViewController.m in Sources */,
			);
			runOnlyForDeploymentPostprocessing = 0;
		};
/* End PBXSourcesBuildPhase section */

/* Begin XCBuildConfiguration section */
		04CE4A321FCC407A00B3798E /* Debug */ = {
			isa = XCBuildConfiguration;
			buildSettings = {
				ALWAYS_SEARCH_USER_PATHS = NO;
				CLANG_ANALYZER_NONNULL = YES;
				CLANG_ANALYZER_NUMBER_OBJECT_CONVERSION = YES_AGGRESSIVE;
				CLANG_CXX_LANGUAGE_STANDARD = "gnu++14";
				CLANG_CXX_LIBRARY = "libc++";
				CLANG_ENABLE_MODULES = YES;
				CLANG_ENABLE_OBJC_ARC = YES;
				CLANG_WARN_BLOCK_CAPTURE_AUTORELEASING = YES;
				CLANG_WARN_BOOL_CONVERSION = YES;
				CLANG_WARN_COMMA = YES;
				CLANG_WARN_CONSTANT_CONVERSION = YES;
				CLANG_WARN_DIRECT_OBJC_ISA_USAGE = YES_ERROR;
				CLANG_WARN_DOCUMENTATION_COMMENTS = YES;
				CLANG_WARN_EMPTY_BODY = YES;
				CLANG_WARN_ENUM_CONVERSION = YES;
				CLANG_WARN_INFINITE_RECURSION = YES;
				CLANG_WARN_INT_CONVERSION = YES;
				CLANG_WARN_NON_LITERAL_NULL_CONVERSION = YES;
				CLANG_WARN_OBJC_LITERAL_CONVERSION = YES;
				CLANG_WARN_OBJC_ROOT_CLASS = YES_ERROR;
				CLANG_WARN_RANGE_LOOP_ANALYSIS = YES;
				CLANG_WARN_STRICT_PROTOTYPES = YES;
				CLANG_WARN_SUSPICIOUS_MOVE = YES;
				CLANG_WARN_UNGUARDED_AVAILABILITY = YES_AGGRESSIVE;
				CLANG_WARN_UNREACHABLE_CODE = YES;
				CLANG_WARN__DUPLICATE_METHOD_MATCH = YES;
				CODE_SIGN_IDENTITY = "iPhone Developer";
				COPY_PHASE_STRIP = NO;
				DEBUG_INFORMATION_FORMAT = dwarf;
				ENABLE_STRICT_OBJC_MSGSEND = YES;
				ENABLE_TESTABILITY = YES;
				GCC_C_LANGUAGE_STANDARD = gnu11;
				GCC_DYNAMIC_NO_PIC = NO;
				GCC_NO_COMMON_BLOCKS = YES;
				GCC_OPTIMIZATION_LEVEL = 0;
				GCC_PREFIX_HEADER = "百思不得其解/Supporting Files/PrefixHeader.pch";
				GCC_PREPROCESSOR_DEFINITIONS = (
					"DEBUG=1",
					"$(inherited)",
				);
				GCC_WARN_64_TO_32_BIT_CONVERSION = YES;
				GCC_WARN_ABOUT_RETURN_TYPE = YES_ERROR;
				GCC_WARN_UNDECLARED_SELECTOR = YES;
				GCC_WARN_UNINITIALIZED_AUTOS = YES_AGGRESSIVE;
				GCC_WARN_UNUSED_FUNCTION = YES;
				GCC_WARN_UNUSED_VARIABLE = YES;
				IPHONEOS_DEPLOYMENT_TARGET = 11.1;
				MTL_ENABLE_DEBUG_INFO = YES;
				ONLY_ACTIVE_ARCH = YES;
				SDKROOT = iphoneos;
			};
			name = Debug;
		};
		04CE4A331FCC407A00B3798E /* Release */ = {
			isa = XCBuildConfiguration;
			buildSettings = {
				ALWAYS_SEARCH_USER_PATHS = NO;
				CLANG_ANALYZER_NONNULL = YES;
				CLANG_ANALYZER_NUMBER_OBJECT_CONVERSION = YES_AGGRESSIVE;
				CLANG_CXX_LANGUAGE_STANDARD = "gnu++14";
				CLANG_CXX_LIBRARY = "libc++";
				CLANG_ENABLE_MODULES = YES;
				CLANG_ENABLE_OBJC_ARC = YES;
				CLANG_WARN_BLOCK_CAPTURE_AUTORELEASING = YES;
				CLANG_WARN_BOOL_CONVERSION = YES;
				CLANG_WARN_COMMA = YES;
				CLANG_WARN_CONSTANT_CONVERSION = YES;
				CLANG_WARN_DIRECT_OBJC_ISA_USAGE = YES_ERROR;
				CLANG_WARN_DOCUMENTATION_COMMENTS = YES;
				CLANG_WARN_EMPTY_BODY = YES;
				CLANG_WARN_ENUM_CONVERSION = YES;
				CLANG_WARN_INFINITE_RECURSION = YES;
				CLANG_WARN_INT_CONVERSION = YES;
				CLANG_WARN_NON_LITERAL_NULL_CONVERSION = YES;
				CLANG_WARN_OBJC_LITERAL_CONVERSION = YES;
				CLANG_WARN_OBJC_ROOT_CLASS = YES_ERROR;
				CLANG_WARN_RANGE_LOOP_ANALYSIS = YES;
				CLANG_WARN_STRICT_PROTOTYPES = YES;
				CLANG_WARN_SUSPICIOUS_MOVE = YES;
				CLANG_WARN_UNGUARDED_AVAILABILITY = YES_AGGRESSIVE;
				CLANG_WARN_UNREACHABLE_CODE = YES;
				CLANG_WARN__DUPLICATE_METHOD_MATCH = YES;
				CODE_SIGN_IDENTITY = "iPhone Developer";
				COPY_PHASE_STRIP = NO;
				DEBUG_INFORMATION_FORMAT = "dwarf-with-dsym";
				ENABLE_NS_ASSERTIONS = NO;
				ENABLE_STRICT_OBJC_MSGSEND = YES;
				GCC_C_LANGUAGE_STANDARD = gnu11;
				GCC_NO_COMMON_BLOCKS = YES;
				GCC_PREFIX_HEADER = "百思不得其解/Supporting Files/PrefixHeader.pch";
				GCC_WARN_64_TO_32_BIT_CONVERSION = YES;
				GCC_WARN_ABOUT_RETURN_TYPE = YES_ERROR;
				GCC_WARN_UNDECLARED_SELECTOR = YES;
				GCC_WARN_UNINITIALIZED_AUTOS = YES_AGGRESSIVE;
				GCC_WARN_UNUSED_FUNCTION = YES;
				GCC_WARN_UNUSED_VARIABLE = YES;
				IPHONEOS_DEPLOYMENT_TARGET = 11.1;
				MTL_ENABLE_DEBUG_INFO = NO;
				SDKROOT = iphoneos;
				VALIDATE_PRODUCT = YES;
			};
			name = Release;
		};
		04CE4A351FCC407A00B3798E /* Debug */ = {
			isa = XCBuildConfiguration;
			buildSettings = {
				ASSETCATALOG_COMPILER_APPICON_NAME = AppIcon;
				ASSETCATALOG_COMPILER_LAUNCHIMAGE_NAME = LaunchImage;
				CODE_SIGN_STYLE = Automatic;
				DEVELOPMENT_TEAM = E9K9CQ2JC7;
				GCC_PREFIX_HEADER = "百思不得其解/Supporting Files/PrefixHeader.pch";
				INFOPLIST_FILE = "百思不得其解/Supporting Files/Info.plist";
				LD_RUNPATH_SEARCH_PATHS = "$(inherited) @executable_path/Frameworks";
				PRODUCT_BUNDLE_IDENTIFIER = "longC.------";
				PRODUCT_NAME = "$(TARGET_NAME)";
				TARGETED_DEVICE_FAMILY = "1,2";
			};
			name = Debug;
		};
		04CE4A361FCC407A00B3798E /* Release */ = {
			isa = XCBuildConfiguration;
			buildSettings = {
				ASSETCATALOG_COMPILER_APPICON_NAME = AppIcon;
				ASSETCATALOG_COMPILER_LAUNCHIMAGE_NAME = LaunchImage;
				CODE_SIGN_STYLE = Automatic;
				DEVELOPMENT_TEAM = E9K9CQ2JC7;
				GCC_PREFIX_HEADER = "百思不得其解/Supporting Files/PrefixHeader.pch";
				INFOPLIST_FILE = "百思不得其解/Supporting Files/Info.plist";
				LD_RUNPATH_SEARCH_PATHS = "$(inherited) @executable_path/Frameworks";
				PRODUCT_BUNDLE_IDENTIFIER = "longC.------";
				PRODUCT_NAME = "$(TARGET_NAME)";
				TARGETED_DEVICE_FAMILY = "1,2";
			};
			name = Release;
		};
/* End XCBuildConfiguration section */

/* Begin XCConfigurationList section */
		04CE4A191FCC407A00B3798E /* Build configuration list for PBXProject "百思不得其解" */ = {
			isa = XCConfigurationList;
			buildConfigurations = (
				04CE4A321FCC407A00B3798E /* Debug */,
				04CE4A331FCC407A00B3798E /* Release */,
			);
			defaultConfigurationIsVisible = 0;
			defaultConfigurationName = Release;
		};
		04CE4A341FCC407A00B3798E /* Build configuration list for PBXNativeTarget "百思不得其解" */ = {
			isa = XCConfigurationList;
			buildConfigurations = (
				04CE4A351FCC407A00B3798E /* Debug */,
				04CE4A361FCC407A00B3798E /* Release */,
			);
			defaultConfigurationIsVisible = 0;
			defaultConfigurationName = Release;
		};
/* End XCConfigurationList section */
	};
	rootObject = 04CE4A161FCC407A00B3798E /* Project object */;
}
