// !$*UTF8*$!
{
	archiveVersion = 1;
	classes = {
	};
	objectVersion = 48;
	objects = {

/* Begin PBXBuildFile section */
		041CE4781FE67A5F00BB42D0 /* Constants.m in Sources */ = {isa = PBXBuildFile; fileRef = 041CE4771FE67A5F00BB42D0 /* Constants.m */; };
		041CE47B1FE67EED00BB42D0 /* CLMeTableViewCell.m in Sources */ = {isa = PBXBuildFile; fileRef = 041CE47A1FE67EED00BB42D0 /* CLMeTableViewCell.m */; };
		041CE47E1FE690F600BB42D0 /* CLTableViewFootView.m in Sources */ = {isa = PBXBuildFile; fileRef = 041CE47D1FE690F600BB42D0 /* CLTableViewFootView.m */; };
		0434A9F61FD5691900D63B93 /* CLItemManager.m in Sources */ = {isa = PBXBuildFile; fileRef = 0434A9F51FD5691900D63B93 /* CLItemManager.m */; };
		0449122A1FED564700AF5E6B /* NSString+CLExtension.m in Sources */ = {isa = PBXBuildFile; fileRef = 044912291FED564700AF5E6B /* NSString+CLExtension.m */; };
		044CE5521FE7EC1B00AAC8CF /* MKAnnotationView+WebCache.m in Sources */ = {isa = PBXBuildFile; fileRef = 044CE51D1FE7EC1B00AAC8CF /* MKAnnotationView+WebCache.m */; };
		044CE5531FE7EC1B00AAC8CF /* NSData+ImageContentType.m in Sources */ = {isa = PBXBuildFile; fileRef = 044CE51F1FE7EC1B00AAC8CF /* NSData+ImageContentType.m */; };
		044CE5541FE7EC1B00AAC8CF /* NSImage+WebCache.m in Sources */ = {isa = PBXBuildFile; fileRef = 044CE5211FE7EC1B00AAC8CF /* NSImage+WebCache.m */; };
		044CE5551FE7EC1B00AAC8CF /* SDImageCache.m in Sources */ = {isa = PBXBuildFile; fileRef = 044CE5231FE7EC1B00AAC8CF /* SDImageCache.m */; };
		044CE5561FE7EC1B00AAC8CF /* SDImageCacheConfig.m in Sources */ = {isa = PBXBuildFile; fileRef = 044CE5251FE7EC1B00AAC8CF /* SDImageCacheConfig.m */; };
		044CE5571FE7EC1B00AAC8CF /* SDWebImageCoder.m in Sources */ = {isa = PBXBuildFile; fileRef = 044CE5271FE7EC1B00AAC8CF /* SDWebImageCoder.m */; };
		044CE5581FE7EC1B00AAC8CF /* SDWebImageCoderHelper.m in Sources */ = {isa = PBXBuildFile; fileRef = 044CE5291FE7EC1B00AAC8CF /* SDWebImageCoderHelper.m */; };
		044CE5591FE7EC1B00AAC8CF /* SDWebImageCodersManager.m in Sources */ = {isa = PBXBuildFile; fileRef = 044CE52B1FE7EC1B00AAC8CF /* SDWebImageCodersManager.m */; };
		044CE55A1FE7EC1B00AAC8CF /* SDWebImageCompat.m in Sources */ = {isa = PBXBuildFile; fileRef = 044CE52D1FE7EC1B00AAC8CF /* SDWebImageCompat.m */; };
		044CE55B1FE7EC1B00AAC8CF /* SDWebImageDownloader.m in Sources */ = {isa = PBXBuildFile; fileRef = 044CE52F1FE7EC1B00AAC8CF /* SDWebImageDownloader.m */; };
		044CE55C1FE7EC1B00AAC8CF /* SDWebImageDownloaderOperation.m in Sources */ = {isa = PBXBuildFile; fileRef = 044CE5311FE7EC1B00AAC8CF /* SDWebImageDownloaderOperation.m */; };
		044CE55D1FE7EC1B00AAC8CF /* SDWebImageFrame.m in Sources */ = {isa = PBXBuildFile; fileRef = 044CE5331FE7EC1B00AAC8CF /* SDWebImageFrame.m */; };
		044CE55E1FE7EC1B00AAC8CF /* SDWebImageGIFCoder.m in Sources */ = {isa = PBXBuildFile; fileRef = 044CE5351FE7EC1B00AAC8CF /* SDWebImageGIFCoder.m */; };
		044CE55F1FE7EC1B00AAC8CF /* SDWebImageImageIOCoder.m in Sources */ = {isa = PBXBuildFile; fileRef = 044CE5371FE7EC1B00AAC8CF /* SDWebImageImageIOCoder.m */; };
		044CE5601FE7EC1B00AAC8CF /* SDWebImageManager.m in Sources */ = {isa = PBXBuildFile; fileRef = 044CE5391FE7EC1B00AAC8CF /* SDWebImageManager.m */; };
		044CE5611FE7EC1B00AAC8CF /* SDWebImagePrefetcher.m in Sources */ = {isa = PBXBuildFile; fileRef = 044CE53C1FE7EC1B00AAC8CF /* SDWebImagePrefetcher.m */; };
		044CE5621FE7EC1B00AAC8CF /* SDWebImageWebPCoder.m in Sources */ = {isa = PBXBuildFile; fileRef = 044CE53E1FE7EC1B00AAC8CF /* SDWebImageWebPCoder.m */; };
		044CE5631FE7EC1B00AAC8CF /* UIButton+WebCache.m in Sources */ = {isa = PBXBuildFile; fileRef = 044CE5401FE7EC1B00AAC8CF /* UIButton+WebCache.m */; };
		044CE5641FE7EC1B00AAC8CF /* UIImage+ForceDecode.m in Sources */ = {isa = PBXBuildFile; fileRef = 044CE5421FE7EC1B00AAC8CF /* UIImage+ForceDecode.m */; };
		044CE5651FE7EC1B00AAC8CF /* UIImage+GIF.m in Sources */ = {isa = PBXBuildFile; fileRef = 044CE5441FE7EC1B00AAC8CF /* UIImage+GIF.m */; };
		044CE5661FE7EC1B00AAC8CF /* UIImage+MultiFormat.m in Sources */ = {isa = PBXBuildFile; fileRef = 044CE5461FE7EC1B00AAC8CF /* UIImage+MultiFormat.m */; };
		044CE5671FE7EC1B00AAC8CF /* UIImage+WebP.m in Sources */ = {isa = PBXBuildFile; fileRef = 044CE5481FE7EC1B00AAC8CF /* UIImage+WebP.m */; };
		044CE5681FE7EC1B00AAC8CF /* UIImageView+HighlightedWebCache.m in Sources */ = {isa = PBXBuildFile; fileRef = 044CE54A1FE7EC1B00AAC8CF /* UIImageView+HighlightedWebCache.m */; };
		044CE5691FE7EC1B00AAC8CF /* UIImageView+WebCache.m in Sources */ = {isa = PBXBuildFile; fileRef = 044CE54C1FE7EC1B00AAC8CF /* UIImageView+WebCache.m */; };
		044CE56A1FE7EC1B00AAC8CF /* UIView+WebCache.m in Sources */ = {isa = PBXBuildFile; fileRef = 044CE54E1FE7EC1B00AAC8CF /* UIView+WebCache.m */; };
		044CE56B1FE7EC1B00AAC8CF /* UIView+WebCacheOperation.m in Sources */ = {isa = PBXBuildFile; fileRef = 044CE5501FE7EC1B00AAC8CF /* UIView+WebCacheOperation.m */; };
		044CE57A1FE7ECB500AAC8CF /* AFHTTPSessionManager.m in Sources */ = {isa = PBXBuildFile; fileRef = 044CE56E1FE7ECB500AAC8CF /* AFHTTPSessionManager.m */; };
		044CE57B1FE7ECB500AAC8CF /* AFNetworkReachabilityManager.m in Sources */ = {isa = PBXBuildFile; fileRef = 044CE5711FE7ECB500AAC8CF /* AFNetworkReachabilityManager.m */; };
		044CE57C1FE7ECB500AAC8CF /* AFSecurityPolicy.m in Sources */ = {isa = PBXBuildFile; fileRef = 044CE5731FE7ECB500AAC8CF /* AFSecurityPolicy.m */; };
		044CE57D1FE7ECB500AAC8CF /* AFURLRequestSerialization.m in Sources */ = {isa = PBXBuildFile; fileRef = 044CE5751FE7ECB500AAC8CF /* AFURLRequestSerialization.m */; };
		044CE57E1FE7ECB500AAC8CF /* AFURLResponseSerialization.m in Sources */ = {isa = PBXBuildFile; fileRef = 044CE5771FE7ECB500AAC8CF /* AFURLResponseSerialization.m */; };
		044CE57F1FE7ECB500AAC8CF /* AFURLSessionManager.m in Sources */ = {isa = PBXBuildFile; fileRef = 044CE5791FE7ECB500AAC8CF /* AFURLSessionManager.m */; };
		044CE5951FE7ECC200AAC8CF /* AFAutoPurgingImageCache.m in Sources */ = {isa = PBXBuildFile; fileRef = 044CE5821FE7ECC100AAC8CF /* AFAutoPurgingImageCache.m */; };
		044CE5961FE7ECC200AAC8CF /* AFImageDownloader.m in Sources */ = {isa = PBXBuildFile; fileRef = 044CE5841FE7ECC100AAC8CF /* AFImageDownloader.m */; };
		044CE5971FE7ECC200AAC8CF /* AFNetworkActivityIndicatorManager.m in Sources */ = {isa = PBXBuildFile; fileRef = 044CE5861FE7ECC100AAC8CF /* AFNetworkActivityIndicatorManager.m */; };
		044CE5981FE7ECC200AAC8CF /* UIActivityIndicatorView+AFNetworking.m in Sources */ = {isa = PBXBuildFile; fileRef = 044CE5881FE7ECC100AAC8CF /* UIActivityIndicatorView+AFNetworking.m */; };
		044CE5991FE7ECC200AAC8CF /* UIButton+AFNetworking.m in Sources */ = {isa = PBXBuildFile; fileRef = 044CE58A1FE7ECC100AAC8CF /* UIButton+AFNetworking.m */; };
		044CE59A1FE7ECC200AAC8CF /* UIImageView+AFNetworking.m in Sources */ = {isa = PBXBuildFile; fileRef = 044CE58D1FE7ECC100AAC8CF /* UIImageView+AFNetworking.m */; };
		044CE59B1FE7ECC200AAC8CF /* UIProgressView+AFNetworking.m in Sources */ = {isa = PBXBuildFile; fileRef = 044CE5901FE7ECC100AAC8CF /* UIProgressView+AFNetworking.m */; };
		044CE59C1FE7ECC200AAC8CF /* UIRefreshControl+AFNetworking.m in Sources */ = {isa = PBXBuildFile; fileRef = 044CE5921FE7ECC100AAC8CF /* UIRefreshControl+AFNetworking.m */; };
		044CE59D1FE7ECC200AAC8CF /* UIWebView+AFNetworking.m in Sources */ = {isa = PBXBuildFile; fileRef = 044CE5941FE7ECC100AAC8CF /* UIWebView+AFNetworking.m */; };
		0456BF651FD3AE6F001A1C69 /* AppDelegate.m in Sources */ = {isa = PBXBuildFile; fileRef = 0456BF5A1FD3AE6F001A1C69 /* AppDelegate.m */; };
		0456BF661FD3AE6F001A1C69 /* UIView+CLExtention.m in Sources */ = {isa = PBXBuildFile; fileRef = 0456BF5D1FD3AE6F001A1C69 /* UIView+CLExtention.m */; };
		0456BF671FD3AE6F001A1C69 /* CLTabBar.m in Sources */ = {isa = PBXBuildFile; fileRef = 0456BF621FD3AE6F001A1C69 /* CLTabBar.m */; };
		0456BF681FD3AE6F001A1C69 /* TabBarViewController.m in Sources */ = {isa = PBXBuildFile; fileRef = 0456BF641FD3AE6F001A1C69 /* TabBarViewController.m */; };
		0456BF6C1FD3AEF8001A1C69 /* CLEssenceViewController.m in Sources */ = {isa = PBXBuildFile; fileRef = 0456BF6B1FD3AEF8001A1C69 /* CLEssenceViewController.m */; };
		0456BF721FD3AF35001A1C69 /* CLNewPostsViewController.m in Sources */ = {isa = PBXBuildFile; fileRef = 0456BF711FD3AF35001A1C69 /* CLNewPostsViewController.m */; };
		0456BF7A1FD3AF7B001A1C69 /* CLFollowViewController.m in Sources */ = {isa = PBXBuildFile; fileRef = 0456BF791FD3AF7B001A1C69 /* CLFollowViewController.m */; };
		0456BF801FD3AFB5001A1C69 /* CLMeViewController.m in Sources */ = {isa = PBXBuildFile; fileRef = 0456BF7F1FD3AFB5001A1C69 /* CLMeViewController.m */; };
		046580661FEAA80E0020D4C3 /* CLWebViewController.m in Sources */ = {isa = PBXBuildFile; fileRef = 046580641FEAA80E0020D4C3 /* CLWebViewController.m */; };
		046580671FEAA80E0020D4C3 /* CLWebViewController.xib in Resources */ = {isa = PBXBuildFile; fileRef = 046580651FEAA80E0020D4C3 /* CLWebViewController.xib */; };
		048998851FE160F100FA0A30 /* CLLoginRegisterTextField.m in Sources */ = {isa = PBXBuildFile; fileRef = 048998841FE160F100FA0A30 /* CLLoginRegisterTextField.m */; };
		04921D4C1FE95C2E0093FC45 /* CLMeFootButton.m in Sources */ = {isa = PBXBuildFile; fileRef = 04921D4B1FE95C2E0093FC45 /* CLMeFootButton.m */; };
		04ABA3BD1FDEBDBF00CA9D9B /* CLLoginRegisterViewController.m in Sources */ = {isa = PBXBuildFile; fileRef = 04ABA3BB1FDEBDBF00CA9D9B /* CLLoginRegisterViewController.m */; };
		04ABA3BE1FDEBDBF00CA9D9B /* CLLoginRegisterViewController.xib in Resources */ = {isa = PBXBuildFile; fileRef = 04ABA3BC1FDEBDBF00CA9D9B /* CLLoginRegisterViewController.xib */; };
		04ABA3C01FDEC39100CA9D9B /* CLFollowViewController.xib in Resources */ = {isa = PBXBuildFile; fileRef = 04ABA3BF1FDEC39100CA9D9B /* CLFollowViewController.xib */; };
		04ABA3C31FDED5A300CA9D9B /* CLButton.m in Sources */ = {isa = PBXBuildFile; fileRef = 04ABA3C21FDED5A300CA9D9B /* CLButton.m */; };
		04CA78181FE8084B002456A9 /* CLSquare.m in Sources */ = {isa = PBXBuildFile; fileRef = 04CA78171FE8084B002456A9 /* CLSquare.m */; };
		04CA78301FE809A1002456A9 /* Info.plist in Resources */ = {isa = PBXBuildFile; fileRef = 04CA781A1FE809A1002456A9 /* Info.plist */; };
		04CA78311FE809A1002456A9 /* MJExtensionConst.m in Sources */ = {isa = PBXBuildFile; fileRef = 04CA781D1FE809A1002456A9 /* MJExtensionConst.m */; };
		04CA78321FE809A1002456A9 /* MJFoundation.m in Sources */ = {isa = PBXBuildFile; fileRef = 04CA781F1FE809A1002456A9 /* MJFoundation.m */; };
		04CA78331FE809A1002456A9 /* MJProperty.m in Sources */ = {isa = PBXBuildFile; fileRef = 04CA78211FE809A1002456A9 /* MJProperty.m */; };
		04CA78341FE809A1002456A9 /* MJPropertyKey.m in Sources */ = {isa = PBXBuildFile; fileRef = 04CA78231FE809A1002456A9 /* MJPropertyKey.m */; };
		04CA78351FE809A1002456A9 /* MJPropertyType.m in Sources */ = {isa = PBXBuildFile; fileRef = 04CA78251FE809A1002456A9 /* MJPropertyType.m */; };
		04CA78361FE809A1002456A9 /* NSObject+MJClass.m in Sources */ = {isa = PBXBuildFile; fileRef = 04CA78271FE809A1002456A9 /* NSObject+MJClass.m */; };
		04CA78371FE809A1002456A9 /* NSObject+MJCoding.m in Sources */ = {isa = PBXBuildFile; fileRef = 04CA78291FE809A1002456A9 /* NSObject+MJCoding.m */; };
		04CA78381FE809A1002456A9 /* NSObject+MJKeyValue.m in Sources */ = {isa = PBXBuildFile; fileRef = 04CA782B1FE809A1002456A9 /* NSObject+MJKeyValue.m */; };
		04CA78391FE809A1002456A9 /* NSObject+MJProperty.m in Sources */ = {isa = PBXBuildFile; fileRef = 04CA782D1FE809A1002456A9 /* NSObject+MJProperty.m */; };
		04CA783A1FE809A1002456A9 /* NSString+MJExtension.m in Sources */ = {isa = PBXBuildFile; fileRef = 04CA782F1FE809A1002456A9 /* NSString+MJExtension.m */; };
		04CE4A2B1FCC407A00B3798E /* Assets.xcassets in Resources */ = {isa = PBXBuildFile; fileRef = 04CE4A2A1FCC407A00B3798E /* Assets.xcassets */; };
		04CE4A311FCC407A00B3798E /* main.m in Sources */ = {isa = PBXBuildFile; fileRef = 04CE4A301FCC407A00B3798E /* main.m */; };
		04DAF25E1FD834A5001A8BD9 /* CLNavigationController.m in Sources */ = {isa = PBXBuildFile; fileRef = 04DAF25D1FD834A5001A8BD9 /* CLNavigationController.m */; };
		04DAF2611FD83A28001A8BD9 /* CLSettingController.m in Sources */ = {isa = PBXBuildFile; fileRef = 04DAF2601FD83A28001A8BD9 /* CLSettingController.m */; };
		04E9825D1FE41A220034C8EF /* UITextField+CLExtension.m in Sources */ = {isa = PBXBuildFile; fileRef = 04E9825C1FE41A220034C8EF /* UITextField+CLExtension.m */; };
/* End PBXBuildFile section */

/* Begin PBXFileReference section */
		041CE4761FE67A5F00BB42D0 /* Constants.h */ = {isa = PBXFileReference; lastKnownFileType = sourcecode.c.h; path = Constants.h; sourceTree = "<group>"; };
		041CE4771FE67A5F00BB42D0 /* Constants.m */ = {isa = PBXFileReference; lastKnownFileType = sourcecode.c.objc; path = Constants.m; sourceTree = "<group>"; };
		041CE4791FE67EED00BB42D0 /* CLMeTableViewCell.h */ = {isa = PBXFileReference; lastKnownFileType = sourcecode.c.h; path = CLMeTableViewCell.h; sourceTree = "<group>"; };
		041CE47A1FE67EED00BB42D0 /* CLMeTableViewCell.m */ = {isa = PBXFileReference; lastKnownFileType = sourcecode.c.objc; path = CLMeTableViewCell.m; sourceTree = "<group>"; };
		041CE47C1FE690F600BB42D0 /* CLTableViewFootView.h */ = {isa = PBXFileReference; lastKnownFileType = sourcecode.c.h; path = CLTableViewFootView.h; sourceTree = "<group>"; };
		041CE47D1FE690F600BB42D0 /* CLTableViewFootView.m */ = {isa = PBXFileReference; lastKnownFileType = sourcecode.c.objc; path = CLTableViewFootView.m; sourceTree = "<group>"; };
		0434A9F41FD5691900D63B93 /* CLItemManager.h */ = {isa = PBXFileReference; lastKnownFileType = sourcecode.c.h; path = CLItemManager.h; sourceTree = "<group>"; };
		0434A9F51FD5691900D63B93 /* CLItemManager.m */ = {isa = PBXFileReference; lastKnownFileType = sourcecode.c.objc; path = CLItemManager.m; sourceTree = "<group>"; };
		044912281FED564700AF5E6B /* NSString+CLExtension.h */ = {isa = PBXFileReference; lastKnownFileType = sourcecode.c.h; path = "NSString+CLExtension.h"; sourceTree = "<group>"; };
		044912291FED564700AF5E6B /* NSString+CLExtension.m */ = {isa = PBXFileReference; lastKnownFileType = sourcecode.c.objc; path = "NSString+CLExtension.m"; sourceTree = "<group>"; };
		044CE51C1FE7EC1B00AAC8CF /* MKAnnotationView+WebCache.h */ = {isa = PBXFileReference; fileEncoding = 4; lastKnownFileType = sourcecode.c.h; path = "MKAnnotationView+WebCache.h"; sourceTree = "<group>"; };
		044CE51D1FE7EC1B00AAC8CF /* MKAnnotationView+WebCache.m */ = {isa = PBXFileReference; fileEncoding = 4; lastKnownFileType = sourcecode.c.objc; path = "MKAnnotationView+WebCache.m"; sourceTree = "<group>"; };
		044CE51E1FE7EC1B00AAC8CF /* NSData+ImageContentType.h */ = {isa = PBXFileReference; fileEncoding = 4; lastKnownFileType = sourcecode.c.h; path = "NSData+ImageContentType.h"; sourceTree = "<group>"; };
		044CE51F1FE7EC1B00AAC8CF /* NSData+ImageContentType.m */ = {isa = PBXFileReference; fileEncoding = 4; lastKnownFileType = sourcecode.c.objc; path = "NSData+ImageContentType.m"; sourceTree = "<group>"; };
		044CE5201FE7EC1B00AAC8CF /* NSImage+WebCache.h */ = {isa = PBXFileReference; fileEncoding = 4; lastKnownFileType = sourcecode.c.h; path = "NSImage+WebCache.h"; sourceTree = "<group>"; };
		044CE5211FE7EC1B00AAC8CF /* NSImage+WebCache.m */ = {isa = PBXFileReference; fileEncoding = 4; lastKnownFileType = sourcecode.c.objc; path = "NSImage+WebCache.m"; sourceTree = "<group>"; };
		044CE5221FE7EC1B00AAC8CF /* SDImageCache.h */ = {isa = PBXFileReference; fileEncoding = 4; lastKnownFileType = sourcecode.c.h; path = SDImageCache.h; sourceTree = "<group>"; };
		044CE5231FE7EC1B00AAC8CF /* SDImageCache.m */ = {isa = PBXFileReference; fileEncoding = 4; lastKnownFileType = sourcecode.c.objc; path = SDImageCache.m; sourceTree = "<group>"; };
		044CE5241FE7EC1B00AAC8CF /* SDImageCacheConfig.h */ = {isa = PBXFileReference; fileEncoding = 4; lastKnownFileType = sourcecode.c.h; path = SDImageCacheConfig.h; sourceTree = "<group>"; };
		044CE5251FE7EC1B00AAC8CF /* SDImageCacheConfig.m */ = {isa = PBXFileReference; fileEncoding = 4; lastKnownFileType = sourcecode.c.objc; path = SDImageCacheConfig.m; sourceTree = "<group>"; };
		044CE5261FE7EC1B00AAC8CF /* SDWebImageCoder.h */ = {isa = PBXFileReference; fileEncoding = 4; lastKnownFileType = sourcecode.c.h; path = SDWebImageCoder.h; sourceTree = "<group>"; };
		044CE5271FE7EC1B00AAC8CF /* SDWebImageCoder.m */ = {isa = PBXFileReference; fileEncoding = 4; lastKnownFileType = sourcecode.c.objc; path = SDWebImageCoder.m; sourceTree = "<group>"; };
		044CE5281FE7EC1B00AAC8CF /* SDWebImageCoderHelper.h */ = {isa = PBXFileReference; fileEncoding = 4; lastKnownFileType = sourcecode.c.h; path = SDWebImageCoderHelper.h; sourceTree = "<group>"; };
		044CE5291FE7EC1B00AAC8CF /* SDWebImageCoderHelper.m */ = {isa = PBXFileReference; fileEncoding = 4; lastKnownFileType = sourcecode.c.objc; path = SDWebImageCoderHelper.m; sourceTree = "<group>"; };
		044CE52A1FE7EC1B00AAC8CF /* SDWebImageCodersManager.h */ = {isa = PBXFileReference; fileEncoding = 4; lastKnownFileType = sourcecode.c.h; path = SDWebImageCodersManager.h; sourceTree = "<group>"; };
		044CE52B1FE7EC1B00AAC8CF /* SDWebImageCodersManager.m */ = {isa = PBXFileReference; fileEncoding = 4; lastKnownFileType = sourcecode.c.objc; path = SDWebImageCodersManager.m; sourceTree = "<group>"; };
		044CE52C1FE7EC1B00AAC8CF /* SDWebImageCompat.h */ = {isa = PBXFileReference; fileEncoding = 4; lastKnownFileType = sourcecode.c.h; path = SDWebImageCompat.h; sourceTree = "<group>"; };
		044CE52D1FE7EC1B00AAC8CF /* SDWebImageCompat.m */ = {isa = PBXFileReference; fileEncoding = 4; lastKnownFileType = sourcecode.c.objc; path = SDWebImageCompat.m; sourceTree = "<group>"; };
		044CE52E1FE7EC1B00AAC8CF /* SDWebImageDownloader.h */ = {isa = PBXFileReference; fileEncoding = 4; lastKnownFileType = sourcecode.c.h; path = SDWebImageDownloader.h; sourceTree = "<group>"; };
		044CE52F1FE7EC1B00AAC8CF /* SDWebImageDownloader.m */ = {isa = PBXFileReference; fileEncoding = 4; lastKnownFileType = sourcecode.c.objc; path = SDWebImageDownloader.m; sourceTree = "<group>"; };
		044CE5301FE7EC1B00AAC8CF /* SDWebImageDownloaderOperation.h */ = {isa = PBXFileReference; fileEncoding = 4; lastKnownFileType = sourcecode.c.h; path = SDWebImageDownloaderOperation.h; sourceTree = "<group>"; };
		044CE5311FE7EC1B00AAC8CF /* SDWebImageDownloaderOperation.m */ = {isa = PBXFileReference; fileEncoding = 4; lastKnownFileType = sourcecode.c.objc; path = SDWebImageDownloaderOperation.m; sourceTree = "<group>"; };
		044CE5321FE7EC1B00AAC8CF /* SDWebImageFrame.h */ = {isa = PBXFileReference; fileEncoding = 4; lastKnownFileType = sourcecode.c.h; path = SDWebImageFrame.h; sourceTree = "<group>"; };
		044CE5331FE7EC1B00AAC8CF /* SDWebImageFrame.m */ = {isa = PBXFileReference; fileEncoding = 4; lastKnownFileType = sourcecode.c.objc; path = SDWebImageFrame.m; sourceTree = "<group>"; };
		044CE5341FE7EC1B00AAC8CF /* SDWebImageGIFCoder.h */ = {isa = PBXFileReference; fileEncoding = 4; lastKnownFileType = sourcecode.c.h; path = SDWebImageGIFCoder.h; sourceTree = "<group>"; };
		044CE5351FE7EC1B00AAC8CF /* SDWebImageGIFCoder.m */ = {isa = PBXFileReference; fileEncoding = 4; lastKnownFileType = sourcecode.c.objc; path = SDWebImageGIFCoder.m; sourceTree = "<group>"; };
		044CE5361FE7EC1B00AAC8CF /* SDWebImageImageIOCoder.h */ = {isa = PBXFileReference; fileEncoding = 4; lastKnownFileType = sourcecode.c.h; path = SDWebImageImageIOCoder.h; sourceTree = "<group>"; };
		044CE5371FE7EC1B00AAC8CF /* SDWebImageImageIOCoder.m */ = {isa = PBXFileReference; fileEncoding = 4; lastKnownFileType = sourcecode.c.objc; path = SDWebImageImageIOCoder.m; sourceTree = "<group>"; };
		044CE5381FE7EC1B00AAC8CF /* SDWebImageManager.h */ = {isa = PBXFileReference; fileEncoding = 4; lastKnownFileType = sourcecode.c.h; path = SDWebImageManager.h; sourceTree = "<group>"; };
		044CE5391FE7EC1B00AAC8CF /* SDWebImageManager.m */ = {isa = PBXFileReference; fileEncoding = 4; lastKnownFileType = sourcecode.c.objc; path = SDWebImageManager.m; sourceTree = "<group>"; };
		044CE53A1FE7EC1B00AAC8CF /* SDWebImageOperation.h */ = {isa = PBXFileReference; fileEncoding = 4; lastKnownFileType = sourcecode.c.h; path = SDWebImageOperation.h; sourceTree = "<group>"; };
		044CE53B1FE7EC1B00AAC8CF /* SDWebImagePrefetcher.h */ = {isa = PBXFileReference; fileEncoding = 4; lastKnownFileType = sourcecode.c.h; path = SDWebImagePrefetcher.h; sourceTree = "<group>"; };
		044CE53C1FE7EC1B00AAC8CF /* SDWebImagePrefetcher.m */ = {isa = PBXFileReference; fileEncoding = 4; lastKnownFileType = sourcecode.c.objc; path = SDWebImagePrefetcher.m; sourceTree = "<group>"; };
		044CE53D1FE7EC1B00AAC8CF /* SDWebImageWebPCoder.h */ = {isa = PBXFileReference; fileEncoding = 4; lastKnownFileType = sourcecode.c.h; path = SDWebImageWebPCoder.h; sourceTree = "<group>"; };
		044CE53E1FE7EC1B00AAC8CF /* SDWebImageWebPCoder.m */ = {isa = PBXFileReference; fileEncoding = 4; lastKnownFileType = sourcecode.c.objc; path = SDWebImageWebPCoder.m; sourceTree = "<group>"; };
		044CE53F1FE7EC1B00AAC8CF /* UIButton+WebCache.h */ = {isa = PBXFileReference; fileEncoding = 4; lastKnownFileType = sourcecode.c.h; path = "UIButton+WebCache.h"; sourceTree = "<group>"; };
		044CE5401FE7EC1B00AAC8CF /* UIButton+WebCache.m */ = {isa = PBXFileReference; fileEncoding = 4; lastKnownFileType = sourcecode.c.objc; path = "UIButton+WebCache.m"; sourceTree = "<group>"; };
		044CE5411FE7EC1B00AAC8CF /* UIImage+ForceDecode.h */ = {isa = PBXFileReference; fileEncoding = 4; lastKnownFileType = sourcecode.c.h; path = "UIImage+ForceDecode.h"; sourceTree = "<group>"; };
		044CE5421FE7EC1B00AAC8CF /* UIImage+ForceDecode.m */ = {isa = PBXFileReference; fileEncoding = 4; lastKnownFileType = sourcecode.c.objc; path = "UIImage+ForceDecode.m"; sourceTree = "<group>"; };
		044CE5431FE7EC1B00AAC8CF /* UIImage+GIF.h */ = {isa = PBXFileReference; fileEncoding = 4; lastKnownFileType = sourcecode.c.h; path = "UIImage+GIF.h"; sourceTree = "<group>"; };
		044CE5441FE7EC1B00AAC8CF /* UIImage+GIF.m */ = {isa = PBXFileReference; fileEncoding = 4; lastKnownFileType = sourcecode.c.objc; path = "UIImage+GIF.m"; sourceTree = "<group>"; };
		044CE5451FE7EC1B00AAC8CF /* UIImage+MultiFormat.h */ = {isa = PBXFileReference; fileEncoding = 4; lastKnownFileType = sourcecode.c.h; path = "UIImage+MultiFormat.h"; sourceTree = "<group>"; };
		044CE5461FE7EC1B00AAC8CF /* UIImage+MultiFormat.m */ = {isa = PBXFileReference; fileEncoding = 4; lastKnownFileType = sourcecode.c.objc; path = "UIImage+MultiFormat.m"; sourceTree = "<group>"; };
		044CE5471FE7EC1B00AAC8CF /* UIImage+WebP.h */ = {isa = PBXFileReference; fileEncoding = 4; lastKnownFileType = sourcecode.c.h; path = "UIImage+WebP.h"; sourceTree = "<group>"; };
		044CE5481FE7EC1B00AAC8CF /* UIImage+WebP.m */ = {isa = PBXFileReference; fileEncoding = 4; lastKnownFileType = sourcecode.c.objc; path = "UIImage+WebP.m"; sourceTree = "<group>"; };
		044CE5491FE7EC1B00AAC8CF /* UIImageView+HighlightedWebCache.h */ = {isa = PBXFileReference; fileEncoding = 4; lastKnownFileType = sourcecode.c.h; path = "UIImageView+HighlightedWebCache.h"; sourceTree = "<group>"; };
		044CE54A1FE7EC1B00AAC8CF /* UIImageView+HighlightedWebCache.m */ = {isa = PBXFileReference; fileEncoding = 4; lastKnownFileType = sourcecode.c.objc; path = "UIImageView+HighlightedWebCache.m"; sourceTree = "<group>"; };
		044CE54B1FE7EC1B00AAC8CF /* UIImageView+WebCache.h */ = {isa = PBXFileReference; fileEncoding = 4; lastKnownFileType = sourcecode.c.h; path = "UIImageView+WebCache.h"; sourceTree = "<group>"; };
		044CE54C1FE7EC1B00AAC8CF /* UIImageView+WebCache.m */ = {isa = PBXFileReference; fileEncoding = 4; lastKnownFileType = sourcecode.c.objc; path = "UIImageView+WebCache.m"; sourceTree = "<group>"; };
		044CE54D1FE7EC1B00AAC8CF /* UIView+WebCache.h */ = {isa = PBXFileReference; fileEncoding = 4; lastKnownFileType = sourcecode.c.h; path = "UIView+WebCache.h"; sourceTree = "<group>"; };
		044CE54E1FE7EC1B00AAC8CF /* UIView+WebCache.m */ = {isa = PBXFileReference; fileEncoding = 4; lastKnownFileType = sourcecode.c.objc; path = "UIView+WebCache.m"; sourceTree = "<group>"; };
		044CE54F1FE7EC1B00AAC8CF /* UIView+WebCacheOperation.h */ = {isa = PBXFileReference; fileEncoding = 4; lastKnownFileType = sourcecode.c.h; path = "UIView+WebCacheOperation.h"; sourceTree = "<group>"; };
		044CE5501FE7EC1B00AAC8CF /* UIView+WebCacheOperation.m */ = {isa = PBXFileReference; fileEncoding = 4; lastKnownFileType = sourcecode.c.objc; path = "UIView+WebCacheOperation.m"; sourceTree = "<group>"; };
		044CE56D1FE7ECB500AAC8CF /* AFHTTPSessionManager.h */ = {isa = PBXFileReference; fileEncoding = 4; lastKnownFileType = sourcecode.c.h; path = AFHTTPSessionManager.h; sourceTree = "<group>"; };
		044CE56E1FE7ECB500AAC8CF /* AFHTTPSessionManager.m */ = {isa = PBXFileReference; fileEncoding = 4; lastKnownFileType = sourcecode.c.objc; path = AFHTTPSessionManager.m; sourceTree = "<group>"; };
		044CE56F1FE7ECB500AAC8CF /* AFNetworking.h */ = {isa = PBXFileReference; fileEncoding = 4; lastKnownFileType = sourcecode.c.h; path = AFNetworking.h; sourceTree = "<group>"; };
		044CE5701FE7ECB500AAC8CF /* AFNetworkReachabilityManager.h */ = {isa = PBXFileReference; fileEncoding = 4; lastKnownFileType = sourcecode.c.h; path = AFNetworkReachabilityManager.h; sourceTree = "<group>"; };
		044CE5711FE7ECB500AAC8CF /* AFNetworkReachabilityManager.m */ = {isa = PBXFileReference; fileEncoding = 4; lastKnownFileType = sourcecode.c.objc; path = AFNetworkReachabilityManager.m; sourceTree = "<group>"; };
		044CE5721FE7ECB500AAC8CF /* AFSecurityPolicy.h */ = {isa = PBXFileReference; fileEncoding = 4; lastKnownFileType = sourcecode.c.h; path = AFSecurityPolicy.h; sourceTree = "<group>"; };
		044CE5731FE7ECB500AAC8CF /* AFSecurityPolicy.m */ = {isa = PBXFileReference; fileEncoding = 4; lastKnownFileType = sourcecode.c.objc; path = AFSecurityPolicy.m; sourceTree = "<group>"; };
		044CE5741FE7ECB500AAC8CF /* AFURLRequestSerialization.h */ = {isa = PBXFileReference; fileEncoding = 4; lastKnownFileType = sourcecode.c.h; path = AFURLRequestSerialization.h; sourceTree = "<group>"; };
		044CE5751FE7ECB500AAC8CF /* AFURLRequestSerialization.m */ = {isa = PBXFileReference; fileEncoding = 4; lastKnownFileType = sourcecode.c.objc; path = AFURLRequestSerialization.m; sourceTree = "<group>"; };
		044CE5761FE7ECB500AAC8CF /* AFURLResponseSerialization.h */ = {isa = PBXFileReference; fileEncoding = 4; lastKnownFileType = sourcecode.c.h; path = AFURLResponseSerialization.h; sourceTree = "<group>"; };
		044CE5771FE7ECB500AAC8CF /* AFURLResponseSerialization.m */ = {isa = PBXFileReference; fileEncoding = 4; lastKnownFileType = sourcecode.c.objc; path = AFURLResponseSerialization.m; sourceTree = "<group>"; };
		044CE5781FE7ECB500AAC8CF /* AFURLSessionManager.h */ = {isa = PBXFileReference; fileEncoding = 4; lastKnownFileType = sourcecode.c.h; path = AFURLSessionManager.h; sourceTree = "<group>"; };
		044CE5791FE7ECB500AAC8CF /* AFURLSessionManager.m */ = {isa = PBXFileReference; fileEncoding = 4; lastKnownFileType = sourcecode.c.objc; path = AFURLSessionManager.m; sourceTree = "<group>"; };
		044CE5811FE7ECC100AAC8CF /* AFAutoPurgingImageCache.h */ = {isa = PBXFileReference; fileEncoding = 4; lastKnownFileType = sourcecode.c.h; path = AFAutoPurgingImageCache.h; sourceTree = "<group>"; };
		044CE5821FE7ECC100AAC8CF /* AFAutoPurgingImageCache.m */ = {isa = PBXFileReference; fileEncoding = 4; lastKnownFileType = sourcecode.c.objc; path = AFAutoPurgingImageCache.m; sourceTree = "<group>"; };
		044CE5831FE7ECC100AAC8CF /* AFImageDownloader.h */ = {isa = PBXFileReference; fileEncoding = 4; lastKnownFileType = sourcecode.c.h; path = AFImageDownloader.h; sourceTree = "<group>"; };
		044CE5841FE7ECC100AAC8CF /* AFImageDownloader.m */ = {isa = PBXFileReference; fileEncoding = 4; lastKnownFileType = sourcecode.c.objc; path = AFImageDownloader.m; sourceTree = "<group>"; };
		044CE5851FE7ECC100AAC8CF /* AFNetworkActivityIndicatorManager.h */ = {isa = PBXFileReference; fileEncoding = 4; lastKnownFileType = sourcecode.c.h; path = AFNetworkActivityIndicatorManager.h; sourceTree = "<group>"; };
		044CE5861FE7ECC100AAC8CF /* AFNetworkActivityIndicatorManager.m */ = {isa = PBXFileReference; fileEncoding = 4; lastKnownFileType = sourcecode.c.objc; path = AFNetworkActivityIndicatorManager.m; sourceTree = "<group>"; };
		044CE5871FE7ECC100AAC8CF /* UIActivityIndicatorView+AFNetworking.h */ = {isa = PBXFileReference; fileEncoding = 4; lastKnownFileType = sourcecode.c.h; path = "UIActivityIndicatorView+AFNetworking.h"; sourceTree = "<group>"; };
		044CE5881FE7ECC100AAC8CF /* UIActivityIndicatorView+AFNetworking.m */ = {isa = PBXFileReference; fileEncoding = 4; lastKnownFileType = sourcecode.c.objc; path = "UIActivityIndicatorView+AFNetworking.m"; sourceTree = "<group>"; };
		044CE5891FE7ECC100AAC8CF /* UIButton+AFNetworking.h */ = {isa = PBXFileReference; fileEncoding = 4; lastKnownFileType = sourcecode.c.h; path = "UIButton+AFNetworking.h"; sourceTree = "<group>"; };
		044CE58A1FE7ECC100AAC8CF /* UIButton+AFNetworking.m */ = {isa = PBXFileReference; fileEncoding = 4; lastKnownFileType = sourcecode.c.objc; path = "UIButton+AFNetworking.m"; sourceTree = "<group>"; };
		044CE58B1FE7ECC100AAC8CF /* UIImage+AFNetworking.h */ = {isa = PBXFileReference; fileEncoding = 4; lastKnownFileType = sourcecode.c.h; path = "UIImage+AFNetworking.h"; sourceTree = "<group>"; };
		044CE58C1FE7ECC100AAC8CF /* UIImageView+AFNetworking.h */ = {isa = PBXFileReference; fileEncoding = 4; lastKnownFileType = sourcecode.c.h; path = "UIImageView+AFNetworking.h"; sourceTree = "<group>"; };
		044CE58D1FE7ECC100AAC8CF /* UIImageView+AFNetworking.m */ = {isa = PBXFileReference; fileEncoding = 4; lastKnownFileType = sourcecode.c.objc; path = "UIImageView+AFNetworking.m"; sourceTree = "<group>"; };
		044CE58E1FE7ECC100AAC8CF /* UIKit+AFNetworking.h */ = {isa = PBXFileReference; fileEncoding = 4; lastKnownFileType = sourcecode.c.h; path = "UIKit+AFNetworking.h"; sourceTree = "<group>"; };
		044CE58F1FE7ECC100AAC8CF /* UIProgressView+AFNetworking.h */ = {isa = PBXFileReference; fileEncoding = 4; lastKnownFileType = sourcecode.c.h; path = "UIProgressView+AFNetworking.h"; sourceTree = "<group>"; };
		044CE5901FE7ECC100AAC8CF /* UIProgressView+AFNetworking.m */ = {isa = PBXFileReference; fileEncoding = 4; lastKnownFileType = sourcecode.c.objc; path = "UIProgressView+AFNetworking.m"; sourceTree = "<group>"; };
		044CE5911FE7ECC100AAC8CF /* UIRefreshControl+AFNetworking.h */ = {isa = PBXFileReference; fileEncoding = 4; lastKnownFileType = sourcecode.c.h; path = "UIRefreshControl+AFNetworking.h"; sourceTree = "<group>"; };
		044CE5921FE7ECC100AAC8CF /* UIRefreshControl+AFNetworking.m */ = {isa = PBXFileReference; fileEncoding = 4; lastKnownFileType = sourcecode.c.objc; path = "UIRefreshControl+AFNetworking.m"; sourceTree = "<group>"; };
		044CE5931FE7ECC100AAC8CF /* UIWebView+AFNetworking.h */ = {isa = PBXFileReference; fileEncoding = 4; lastKnownFileType = sourcecode.c.h; path = "UIWebView+AFNetworking.h"; sourceTree = "<group>"; };
		044CE5941FE7ECC100AAC8CF /* UIWebView+AFNetworking.m */ = {isa = PBXFileReference; fileEncoding = 4; lastKnownFileType = sourcecode.c.objc; path = "UIWebView+AFNetworking.m"; sourceTree = "<group>"; };
		0456BF511FD3A73E001A1C69 /* SystemConfiguration.framework */ = {isa = PBXFileReference; lastKnownFileType = wrapper.framework; name = SystemConfiguration.framework; path = System/Library/Frameworks/SystemConfiguration.framework; sourceTree = SDKROOT; };
		0456BF591FD3AE6F001A1C69 /* AppDelegate.h */ = {isa = PBXFileReference; fileEncoding = 4; lastKnownFileType = sourcecode.c.h; path = AppDelegate.h; sourceTree = "<group>"; };
		0456BF5A1FD3AE6F001A1C69 /* AppDelegate.m */ = {isa = PBXFileReference; fileEncoding = 4; lastKnownFileType = sourcecode.c.objc; path = AppDelegate.m; sourceTree = "<group>"; };
		0456BF5C1FD3AE6F001A1C69 /* UIView+CLExtention.h */ = {isa = PBXFileReference; fileEncoding = 4; lastKnownFileType = sourcecode.c.h; path = "UIView+CLExtention.h"; sourceTree = "<group>"; };
		0456BF5D1FD3AE6F001A1C69 /* UIView+CLExtention.m */ = {isa = PBXFileReference; fileEncoding = 4; lastKnownFileType = sourcecode.c.objc; path = "UIView+CLExtention.m"; sourceTree = "<group>"; };
		0456BF5E1FD3AE6F001A1C69 /* PrefixHeader.pch */ = {isa = PBXFileReference; fileEncoding = 4; lastKnownFileType = sourcecode.c.h; path = PrefixHeader.pch; sourceTree = "<group>"; };
		0456BF611FD3AE6F001A1C69 /* CLTabBar.h */ = {isa = PBXFileReference; fileEncoding = 4; lastKnownFileType = sourcecode.c.h; path = CLTabBar.h; sourceTree = "<group>"; };
		0456BF621FD3AE6F001A1C69 /* CLTabBar.m */ = {isa = PBXFileReference; fileEncoding = 4; lastKnownFileType = sourcecode.c.objc; path = CLTabBar.m; sourceTree = "<group>"; };
		0456BF631FD3AE6F001A1C69 /* TabBarViewController.h */ = {isa = PBXFileReference; fileEncoding = 4; lastKnownFileType = sourcecode.c.h; path = TabBarViewController.h; sourceTree = "<group>"; };
		0456BF641FD3AE6F001A1C69 /* TabBarViewController.m */ = {isa = PBXFileReference; fileEncoding = 4; lastKnownFileType = sourcecode.c.objc; path = TabBarViewController.m; sourceTree = "<group>"; };
		0456BF6A1FD3AEF8001A1C69 /* CLEssenceViewController.h */ = {isa = PBXFileReference; lastKnownFileType = sourcecode.c.h; path = CLEssenceViewController.h; sourceTree = "<group>"; };
		0456BF6B1FD3AEF8001A1C69 /* CLEssenceViewController.m */ = {isa = PBXFileReference; lastKnownFileType = sourcecode.c.objc; path = CLEssenceViewController.m; sourceTree = "<group>"; };
		0456BF701FD3AF35001A1C69 /* CLNewPostsViewController.h */ = {isa = PBXFileReference; lastKnownFileType = sourcecode.c.h; path = CLNewPostsViewController.h; sourceTree = "<group>"; };
		0456BF711FD3AF35001A1C69 /* CLNewPostsViewController.m */ = {isa = PBXFileReference; lastKnownFileType = sourcecode.c.objc; path = CLNewPostsViewController.m; sourceTree = "<group>"; };
		0456BF781FD3AF7B001A1C69 /* CLFollowViewController.h */ = {isa = PBXFileReference; lastKnownFileType = sourcecode.c.h; path = CLFollowViewController.h; sourceTree = "<group>"; };
		0456BF791FD3AF7B001A1C69 /* CLFollowViewController.m */ = {isa = PBXFileReference; lastKnownFileType = sourcecode.c.objc; path = CLFollowViewController.m; sourceTree = "<group>"; };
		0456BF7E1FD3AFB5001A1C69 /* CLMeViewController.h */ = {isa = PBXFileReference; lastKnownFileType = sourcecode.c.h; path = CLMeViewController.h; sourceTree = "<group>"; };
		0456BF7F1FD3AFB5001A1C69 /* CLMeViewController.m */ = {isa = PBXFileReference; lastKnownFileType = sourcecode.c.objc; path = CLMeViewController.m; sourceTree = "<group>"; };
		046580631FEAA80E0020D4C3 /* CLWebViewController.h */ = {isa = PBXFileReference; lastKnownFileType = sourcecode.c.h; path = CLWebViewController.h; sourceTree = "<group>"; };
		046580641FEAA80E0020D4C3 /* CLWebViewController.m */ = {isa = PBXFileReference; lastKnownFileType = sourcecode.c.objc; path = CLWebViewController.m; sourceTree = "<group>"; };
		046580651FEAA80E0020D4C3 /* CLWebViewController.xib */ = {isa = PBXFileReference; lastKnownFileType = file.xib; path = CLWebViewController.xib; sourceTree = "<group>"; };
		048998831FE160F100FA0A30 /* CLLoginRegisterTextField.h */ = {isa = PBXFileReference; lastKnownFileType = sourcecode.c.h; path = CLLoginRegisterTextField.h; sourceTree = "<group>"; };
		048998841FE160F100FA0A30 /* CLLoginRegisterTextField.m */ = {isa = PBXFileReference; lastKnownFileType = sourcecode.c.objc; path = CLLoginRegisterTextField.m; sourceTree = "<group>"; };
		04921D4A1FE95C2E0093FC45 /* CLMeFootButton.h */ = {isa = PBXFileReference; lastKnownFileType = sourcecode.c.h; path = CLMeFootButton.h; sourceTree = "<group>"; };
		04921D4B1FE95C2E0093FC45 /* CLMeFootButton.m */ = {isa = PBXFileReference; lastKnownFileType = sourcecode.c.objc; path = CLMeFootButton.m; sourceTree = "<group>"; };
		04ABA3BA1FDEBDBF00CA9D9B /* CLLoginRegisterViewController.h */ = {isa = PBXFileReference; lastKnownFileType = sourcecode.c.h; path = CLLoginRegisterViewController.h; sourceTree = "<group>"; };
		04ABA3BB1FDEBDBF00CA9D9B /* CLLoginRegisterViewController.m */ = {isa = PBXFileReference; lastKnownFileType = sourcecode.c.objc; path = CLLoginRegisterViewController.m; sourceTree = "<group>"; };
		04ABA3BC1FDEBDBF00CA9D9B /* CLLoginRegisterViewController.xib */ = {isa = PBXFileReference; lastKnownFileType = file.xib; path = CLLoginRegisterViewController.xib; sourceTree = "<group>"; };
		04ABA3BF1FDEC39100CA9D9B /* CLFollowViewController.xib */ = {isa = PBXFileReference; lastKnownFileType = file.xib; path = CLFollowViewController.xib; sourceTree = "<group>"; };
		04ABA3C11FDED5A300CA9D9B /* CLButton.h */ = {isa = PBXFileReference; lastKnownFileType = sourcecode.c.h; path = CLButton.h; sourceTree = "<group>"; };
		04ABA3C21FDED5A300CA9D9B /* CLButton.m */ = {isa = PBXFileReference; lastKnownFileType = sourcecode.c.objc; path = CLButton.m; sourceTree = "<group>"; };
		04CA78161FE8084B002456A9 /* CLSquare.h */ = {isa = PBXFileReference; lastKnownFileType = sourcecode.c.h; path = CLSquare.h; sourceTree = "<group>"; };
		04CA78171FE8084B002456A9 /* CLSquare.m */ = {isa = PBXFileReference; lastKnownFileType = sourcecode.c.objc; path = CLSquare.m; sourceTree = "<group>"; };
		04CA781A1FE809A1002456A9 /* Info.plist */ = {isa = PBXFileReference; fileEncoding = 4; lastKnownFileType = text.plist.xml; path = Info.plist; sourceTree = "<group>"; };
		04CA781B1FE809A1002456A9 /* MJExtension.h */ = {isa = PBXFileReference; fileEncoding = 4; lastKnownFileType = sourcecode.c.h; path = MJExtension.h; sourceTree = "<group>"; };
		04CA781C1FE809A1002456A9 /* MJExtensionConst.h */ = {isa = PBXFileReference; fileEncoding = 4; lastKnownFileType = sourcecode.c.h; path = MJExtensionConst.h; sourceTree = "<group>"; };
		04CA781D1FE809A1002456A9 /* MJExtensionConst.m */ = {isa = PBXFileReference; fileEncoding = 4; lastKnownFileType = sourcecode.c.objc; path = MJExtensionConst.m; sourceTree = "<group>"; };
		04CA781E1FE809A1002456A9 /* MJFoundation.h */ = {isa = PBXFileReference; fileEncoding = 4; lastKnownFileType = sourcecode.c.h; path = MJFoundation.h; sourceTree = "<group>"; };
		04CA781F1FE809A1002456A9 /* MJFoundation.m */ = {isa = PBXFileReference; fileEncoding = 4; lastKnownFileType = sourcecode.c.objc; path = MJFoundation.m; sourceTree = "<group>"; };
		04CA78201FE809A1002456A9 /* MJProperty.h */ = {isa = PBXFileReference; fileEncoding = 4; lastKnownFileType = sourcecode.c.h; path = MJProperty.h; sourceTree = "<group>"; };
		04CA78211FE809A1002456A9 /* MJProperty.m */ = {isa = PBXFileReference; fileEncoding = 4; lastKnownFileType = sourcecode.c.objc; path = MJProperty.m; sourceTree = "<group>"; };
		04CA78221FE809A1002456A9 /* MJPropertyKey.h */ = {isa = PBXFileReference; fileEncoding = 4; lastKnownFileType = sourcecode.c.h; path = MJPropertyKey.h; sourceTree = "<group>"; };
		04CA78231FE809A1002456A9 /* MJPropertyKey.m */ = {isa = PBXFileReference; fileEncoding = 4; lastKnownFileType = sourcecode.c.objc; path = MJPropertyKey.m; sourceTree = "<group>"; };
		04CA78241FE809A1002456A9 /* MJPropertyType.h */ = {isa = PBXFileReference; fileEncoding = 4; lastKnownFileType = sourcecode.c.h; path = MJPropertyType.h; sourceTree = "<group>"; };
		04CA78251FE809A1002456A9 /* MJPropertyType.m */ = {isa = PBXFileReference; fileEncoding = 4; lastKnownFileType = sourcecode.c.objc; path = MJPropertyType.m; sourceTree = "<group>"; };
		04CA78261FE809A1002456A9 /* NSObject+MJClass.h */ = {isa = PBXFileReference; fileEncoding = 4; lastKnownFileType = sourcecode.c.h; path = "NSObject+MJClass.h"; sourceTree = "<group>"; };
		04CA78271FE809A1002456A9 /* NSObject+MJClass.m */ = {isa = PBXFileReference; fileEncoding = 4; lastKnownFileType = sourcecode.c.objc; path = "NSObject+MJClass.m"; sourceTree = "<group>"; };
		04CA78281FE809A1002456A9 /* NSObject+MJCoding.h */ = {isa = PBXFileReference; fileEncoding = 4; lastKnownFileType = sourcecode.c.h; path = "NSObject+MJCoding.h"; sourceTree = "<group>"; };
		04CA78291FE809A1002456A9 /* NSObject+MJCoding.m */ = {isa = PBXFileReference; fileEncoding = 4; lastKnownFileType = sourcecode.c.objc; path = "NSObject+MJCoding.m"; sourceTree = "<group>"; };
		04CA782A1FE809A1002456A9 /* NSObject+MJKeyValue.h */ = {isa = PBXFileReference; fileEncoding = 4; lastKnownFileType = sourcecode.c.h; path = "NSObject+MJKeyValue.h"; sourceTree = "<group>"; };
		04CA782B1FE809A1002456A9 /* NSObject+MJKeyValue.m */ = {isa = PBXFileReference; fileEncoding = 4; lastKnownFileType = sourcecode.c.objc; path = "NSObject+MJKeyValue.m"; sourceTree = "<group>"; };
		04CA782C1FE809A1002456A9 /* NSObject+MJProperty.h */ = {isa = PBXFileReference; fileEncoding = 4; lastKnownFileType = sourcecode.c.h; path = "NSObject+MJProperty.h"; sourceTree = "<group>"; };
		04CA782D1FE809A1002456A9 /* NSObject+MJProperty.m */ = {isa = PBXFileReference; fileEncoding = 4; lastKnownFileType = sourcecode.c.objc; path = "NSObject+MJProperty.m"; sourceTree = "<group>"; };
		04CA782E1FE809A1002456A9 /* NSString+MJExtension.h */ = {isa = PBXFileReference; fileEncoding = 4; lastKnownFileType = sourcecode.c.h; path = "NSString+MJExtension.h"; sourceTree = "<group>"; };
		04CA782F1FE809A1002456A9 /* NSString+MJExtension.m */ = {isa = PBXFileReference; fileEncoding = 4; lastKnownFileType = sourcecode.c.objc; path = "NSString+MJExtension.m"; sourceTree = "<group>"; };
		04CE4A1E1FCC407A00B3798E /* 百思不得其解.app */ = {isa = PBXFileReference; explicitFileType = wrapper.application; includeInIndex = 0; path = "百思不得其解.app"; sourceTree = BUILT_PRODUCTS_DIR; };
		04CE4A2A1FCC407A00B3798E /* Assets.xcassets */ = {isa = PBXFileReference; lastKnownFileType = folder.assetcatalog; path = Assets.xcassets; sourceTree = "<group>"; };
		04CE4A2F1FCC407A00B3798E /* Info.plist */ = {isa = PBXFileReference; lastKnownFileType = text.plist.xml; path = Info.plist; sourceTree = "<group>"; };
		04CE4A301FCC407A00B3798E /* main.m */ = {isa = PBXFileReference; lastKnownFileType = sourcecode.c.objc; path = main.m; sourceTree = "<group>"; };
		04DAF25C1FD834A5001A8BD9 /* CLNavigationController.h */ = {isa = PBXFileReference; lastKnownFileType = sourcecode.c.h; path = CLNavigationController.h; sourceTree = "<group>"; };
		04DAF25D1FD834A5001A8BD9 /* CLNavigationController.m */ = {isa = PBXFileReference; lastKnownFileType = sourcecode.c.objc; path = CLNavigationController.m; sourceTree = "<group>"; };
		04DAF25F1FD83A28001A8BD9 /* CLSettingController.h */ = {isa = PBXFileReference; lastKnownFileType = sourcecode.c.h; path = CLSettingController.h; sourceTree = "<group>"; };
		04DAF2601FD83A28001A8BD9 /* CLSettingController.m */ = {isa = PBXFileReference; lastKnownFileType = sourcecode.c.objc; path = CLSettingController.m; sourceTree = "<group>"; };
		04E9825B1FE41A220034C8EF /* UITextField+CLExtension.h */ = {isa = PBXFileReference; lastKnownFileType = sourcecode.c.h; path = "UITextField+CLExtension.h"; sourceTree = "<group>"; };
		04E9825C1FE41A220034C8EF /* UITextField+CLExtension.m */ = {isa = PBXFileReference; lastKnownFileType = sourcecode.c.objc; path = "UITextField+CLExtension.m"; sourceTree = "<group>"; };
/* End PBXFileReference section */

/* Begin PBXFrameworksBuildPhase section */
		04CE4A1B1FCC407A00B3798E /* Frameworks */ = {
			isa = PBXFrameworksBuildPhase;
			buildActionMask = 2147483647;
			files = (
			);
			runOnlyForDeploymentPostprocessing = 0;
		};
/* End PBXFrameworksBuildPhase section */

/* Begin PBXGroup section */
		041CCFC31FD0510500588155 /* Classes */ = {
			isa = PBXGroup;
			children = (
				0456BF531FD3AE4C001A1C69 /* Essence(精华) */,
				0456BF561FD3AE6F001A1C69 /* NewPosts(新帖) */,
				0456BF541FD3AE58001A1C69 /* Follow(关注) */,
				0456BF571FD3AE6F001A1C69 /* Me(我) */,
				0456BF581FD3AE6F001A1C69 /* Others(其他) */,
			);
			path = Classes;
			sourceTree = "<group>";
		};
		0434A9F21FD558C200D63B93 /* View */ = {
			isa = PBXGroup;
			children = (
				04ABA3C11FDED5A300CA9D9B /* CLButton.h */,
				04ABA3C21FDED5A300CA9D9B /* CLButton.m */,
				048998831FE160F100FA0A30 /* CLLoginRegisterTextField.h */,
				048998841FE160F100FA0A30 /* CLLoginRegisterTextField.m */,
			);
			path = View;
			sourceTree = "<group>";
		};
		0434A9F31FD5683600D63B93 /* Manager */ = {
			isa = PBXGroup;
			children = (
				0434A9F41FD5691900D63B93 /* CLItemManager.h */,
				0434A9F51FD5691900D63B93 /* CLItemManager.m */,
			);
			path = Manager;
			sourceTree = "<group>";
		};
		044CE5171FE7EC1B00AAC8CF /* ThirdParty */ = {
			isa = PBXGroup;
			children = (
				04CA78191FE809A1002456A9 /* MJExtension */,
				044CE56C1FE7ECB500AAC8CF /* AFNetworking */,
				044CE5181FE7EC1B00AAC8CF /* SDWebImage */,
			);
			name = ThirdParty;
			path = "百思不得其解/ThirdParty";
			sourceTree = SOURCE_ROOT;
		};
		044CE5181FE7EC1B00AAC8CF /* SDWebImage */ = {
			isa = PBXGroup;
			children = (
				044CE51C1FE7EC1B00AAC8CF /* MKAnnotationView+WebCache.h */,
				044CE51D1FE7EC1B00AAC8CF /* MKAnnotationView+WebCache.m */,
				044CE51E1FE7EC1B00AAC8CF /* NSData+ImageContentType.h */,
				044CE51F1FE7EC1B00AAC8CF /* NSData+ImageContentType.m */,
				044CE5201FE7EC1B00AAC8CF /* NSImage+WebCache.h */,
				044CE5211FE7EC1B00AAC8CF /* NSImage+WebCache.m */,
				044CE5221FE7EC1B00AAC8CF /* SDImageCache.h */,
				044CE5231FE7EC1B00AAC8CF /* SDImageCache.m */,
				044CE5241FE7EC1B00AAC8CF /* SDImageCacheConfig.h */,
				044CE5251FE7EC1B00AAC8CF /* SDImageCacheConfig.m */,
				044CE5261FE7EC1B00AAC8CF /* SDWebImageCoder.h */,
				044CE5271FE7EC1B00AAC8CF /* SDWebImageCoder.m */,
				044CE5281FE7EC1B00AAC8CF /* SDWebImageCoderHelper.h */,
				044CE5291FE7EC1B00AAC8CF /* SDWebImageCoderHelper.m */,
				044CE52A1FE7EC1B00AAC8CF /* SDWebImageCodersManager.h */,
				044CE52B1FE7EC1B00AAC8CF /* SDWebImageCodersManager.m */,
				044CE52C1FE7EC1B00AAC8CF /* SDWebImageCompat.h */,
				044CE52D1FE7EC1B00AAC8CF /* SDWebImageCompat.m */,
				044CE52E1FE7EC1B00AAC8CF /* SDWebImageDownloader.h */,
				044CE52F1FE7EC1B00AAC8CF /* SDWebImageDownloader.m */,
				044CE5301FE7EC1B00AAC8CF /* SDWebImageDownloaderOperation.h */,
				044CE5311FE7EC1B00AAC8CF /* SDWebImageDownloaderOperation.m */,
				044CE5321FE7EC1B00AAC8CF /* SDWebImageFrame.h */,
				044CE5331FE7EC1B00AAC8CF /* SDWebImageFrame.m */,
				044CE5341FE7EC1B00AAC8CF /* SDWebImageGIFCoder.h */,
				044CE5351FE7EC1B00AAC8CF /* SDWebImageGIFCoder.m */,
				044CE5361FE7EC1B00AAC8CF /* SDWebImageImageIOCoder.h */,
				044CE5371FE7EC1B00AAC8CF /* SDWebImageImageIOCoder.m */,
				044CE5381FE7EC1B00AAC8CF /* SDWebImageManager.h */,
				044CE5391FE7EC1B00AAC8CF /* SDWebImageManager.m */,
				044CE53A1FE7EC1B00AAC8CF /* SDWebImageOperation.h */,
				044CE53B1FE7EC1B00AAC8CF /* SDWebImagePrefetcher.h */,
				044CE53C1FE7EC1B00AAC8CF /* SDWebImagePrefetcher.m */,
				044CE53D1FE7EC1B00AAC8CF /* SDWebImageWebPCoder.h */,
				044CE53E1FE7EC1B00AAC8CF /* SDWebImageWebPCoder.m */,
				044CE53F1FE7EC1B00AAC8CF /* UIButton+WebCache.h */,
				044CE5401FE7EC1B00AAC8CF /* UIButton+WebCache.m */,
				044CE5411FE7EC1B00AAC8CF /* UIImage+ForceDecode.h */,
				044CE5421FE7EC1B00AAC8CF /* UIImage+ForceDecode.m */,
				044CE5431FE7EC1B00AAC8CF /* UIImage+GIF.h */,
				044CE5441FE7EC1B00AAC8CF /* UIImage+GIF.m */,
				044CE5451FE7EC1B00AAC8CF /* UIImage+MultiFormat.h */,
				044CE5461FE7EC1B00AAC8CF /* UIImage+MultiFormat.m */,
				044CE5471FE7EC1B00AAC8CF /* UIImage+WebP.h */,
				044CE5481FE7EC1B00AAC8CF /* UIImage+WebP.m */,
				044CE5491FE7EC1B00AAC8CF /* UIImageView+HighlightedWebCache.h */,
				044CE54A1FE7EC1B00AAC8CF /* UIImageView+HighlightedWebCache.m */,
				044CE54B1FE7EC1B00AAC8CF /* UIImageView+WebCache.h */,
				044CE54C1FE7EC1B00AAC8CF /* UIImageView+WebCache.m */,
				044CE54D1FE7EC1B00AAC8CF /* UIView+WebCache.h */,
				044CE54E1FE7EC1B00AAC8CF /* UIView+WebCache.m */,
				044CE54F1FE7EC1B00AAC8CF /* UIView+WebCacheOperation.h */,
				044CE5501FE7EC1B00AAC8CF /* UIView+WebCacheOperation.m */,
			);
			path = SDWebImage;
			sourceTree = "<group>";
		};
		044CE56C1FE7ECB500AAC8CF /* AFNetworking */ = {
			isa = PBXGroup;
			children = (
				044CE5801FE7ECC100AAC8CF /* UIKit+AFNetworking */,
				044CE56D1FE7ECB500AAC8CF /* AFHTTPSessionManager.h */,
				044CE56E1FE7ECB500AAC8CF /* AFHTTPSessionManager.m */,
				044CE56F1FE7ECB500AAC8CF /* AFNetworking.h */,
				044CE5701FE7ECB500AAC8CF /* AFNetworkReachabilityManager.h */,
				044CE5711FE7ECB500AAC8CF /* AFNetworkReachabilityManager.m */,
				044CE5721FE7ECB500AAC8CF /* AFSecurityPolicy.h */,
				044CE5731FE7ECB500AAC8CF /* AFSecurityPolicy.m */,
				044CE5741FE7ECB500AAC8CF /* AFURLRequestSerialization.h */,
				044CE5751FE7ECB500AAC8CF /* AFURLRequestSerialization.m */,
				044CE5761FE7ECB500AAC8CF /* AFURLResponseSerialization.h */,
				044CE5771FE7ECB500AAC8CF /* AFURLResponseSerialization.m */,
				044CE5781FE7ECB500AAC8CF /* AFURLSessionManager.h */,
				044CE5791FE7ECB500AAC8CF /* AFURLSessionManager.m */,
			);
			path = AFNetworking;
			sourceTree = "<group>";
		};
		044CE5801FE7ECC100AAC8CF /* UIKit+AFNetworking */ = {
			isa = PBXGroup;
			children = (
				044CE5811FE7ECC100AAC8CF /* AFAutoPurgingImageCache.h */,
				044CE5821FE7ECC100AAC8CF /* AFAutoPurgingImageCache.m */,
				044CE5831FE7ECC100AAC8CF /* AFImageDownloader.h */,
				044CE5841FE7ECC100AAC8CF /* AFImageDownloader.m */,
				044CE5851FE7ECC100AAC8CF /* AFNetworkActivityIndicatorManager.h */,
				044CE5861FE7ECC100AAC8CF /* AFNetworkActivityIndicatorManager.m */,
				044CE5871FE7ECC100AAC8CF /* UIActivityIndicatorView+AFNetworking.h */,
				044CE5881FE7ECC100AAC8CF /* UIActivityIndicatorView+AFNetworking.m */,
				044CE5891FE7ECC100AAC8CF /* UIButton+AFNetworking.h */,
				044CE58A1FE7ECC100AAC8CF /* UIButton+AFNetworking.m */,
				044CE58B1FE7ECC100AAC8CF /* UIImage+AFNetworking.h */,
				044CE58C1FE7ECC100AAC8CF /* UIImageView+AFNetworking.h */,
				044CE58D1FE7ECC100AAC8CF /* UIImageView+AFNetworking.m */,
				044CE58E1FE7ECC100AAC8CF /* UIKit+AFNetworking.h */,
				044CE58F1FE7ECC100AAC8CF /* UIProgressView+AFNetworking.h */,
				044CE5901FE7ECC100AAC8CF /* UIProgressView+AFNetworking.m */,
				044CE5911FE7ECC100AAC8CF /* UIRefreshControl+AFNetworking.h */,
				044CE5921FE7ECC100AAC8CF /* UIRefreshControl+AFNetworking.m */,
				044CE5931FE7ECC100AAC8CF /* UIWebView+AFNetworking.h */,
				044CE5941FE7ECC100AAC8CF /* UIWebView+AFNetworking.m */,
			);
			path = "UIKit+AFNetworking";
			sourceTree = "<group>";
		};
		0456BF501FD3A73D001A1C69 /* Frameworks */ = {
			isa = PBXGroup;
			children = (
				0456BF511FD3A73E001A1C69 /* SystemConfiguration.framework */,
			);
			name = Frameworks;
			sourceTree = "<group>";
		};
		0456BF531FD3AE4C001A1C69 /* Essence(精华) */ = {
			isa = PBXGroup;
			children = (
				0456BF6E1FD3AF11001A1C69 /* View */,
				0456BF6D1FD3AEFD001A1C69 /* Model */,
				0456BF691FD3AEC7001A1C69 /* ViewController */,
			);
			path = "Essence(精华)";
			sourceTree = "<group>";
		};
		0456BF541FD3AE58001A1C69 /* Follow(关注) */ = {
			isa = PBXGroup;
			children = (
				0456BF751FD3AF59001A1C69 /* View */,
				0456BF761FD3AF5F001A1C69 /* Model */,
				0456BF771FD3AF69001A1C69 /* ViewController */,
			);
			path = "Follow(关注)";
			sourceTree = "<group>";
		};
		0456BF561FD3AE6F001A1C69 /* NewPosts(新帖) */ = {
			isa = PBXGroup;
			children = (
				0456BF731FD3AF39001A1C69 /* View */,
				0456BF741FD3AF46001A1C69 /* Model */,
				0456BF6F1FD3AF1C001A1C69 /* ViewController */,
			);
			path = "NewPosts(新帖)";
			sourceTree = "<group>";
		};
		0456BF571FD3AE6F001A1C69 /* Me(我) */ = {
			isa = PBXGroup;
			children = (
				0456BF7D1FD3AFA6001A1C69 /* View */,
				0456BF7C1FD3AF97001A1C69 /* Model */,
				0456BF7B1FD3AF8A001A1C69 /* ViewControllers */,
			);
			path = "Me(我)";
			sourceTree = "<group>";
		};
		0456BF581FD3AE6F001A1C69 /* Others(其他) */ = {
			isa = PBXGroup;
			children = (
				0434A9F31FD5683600D63B93 /* Manager */,
				0434A9F21FD558C200D63B93 /* View */,
				0456BF591FD3AE6F001A1C69 /* AppDelegate.h */,
				0456BF5A1FD3AE6F001A1C69 /* AppDelegate.m */,
				0456BF5B1FD3AE6F001A1C69 /* Category */,
				0456BF601FD3AE6F001A1C69 /* ViewController */,
				041CE4761FE67A5F00BB42D0 /* Constants.h */,
				041CE4771FE67A5F00BB42D0 /* Constants.m */,
			);
			path = "Others(其他)";
			sourceTree = "<group>";
		};
		0456BF5B1FD3AE6F001A1C69 /* Category */ = {
			isa = PBXGroup;
			children = (
				0456BF5C1FD3AE6F001A1C69 /* UIView+CLExtention.h */,
				0456BF5D1FD3AE6F001A1C69 /* UIView+CLExtention.m */,
				04E9825B1FE41A220034C8EF /* UITextField+CLExtension.h */,
				04E9825C1FE41A220034C8EF /* UITextField+CLExtension.m */,
				044912281FED564700AF5E6B /* NSString+CLExtension.h */,
				044912291FED564700AF5E6B /* NSString+CLExtension.m */,
			);
			path = Category;
			sourceTree = "<group>";
		};
		0456BF601FD3AE6F001A1C69 /* ViewController */ = {
			isa = PBXGroup;
			children = (
				0456BF611FD3AE6F001A1C69 /* CLTabBar.h */,
				0456BF621FD3AE6F001A1C69 /* CLTabBar.m */,
				0456BF631FD3AE6F001A1C69 /* TabBarViewController.h */,
				0456BF641FD3AE6F001A1C69 /* TabBarViewController.m */,
				04DAF25C1FD834A5001A8BD9 /* CLNavigationController.h */,
				04DAF25D1FD834A5001A8BD9 /* CLNavigationController.m */,
				04ABA3BA1FDEBDBF00CA9D9B /* CLLoginRegisterViewController.h */,
				04ABA3BB1FDEBDBF00CA9D9B /* CLLoginRegisterViewController.m */,
				04ABA3BC1FDEBDBF00CA9D9B /* CLLoginRegisterViewController.xib */,
			);
			path = ViewController;
			sourceTree = "<group>";
		};
		0456BF691FD3AEC7001A1C69 /* ViewController */ = {
			isa = PBXGroup;
			children = (
				0456BF6A1FD3AEF8001A1C69 /* CLEssenceViewController.h */,
				0456BF6B1FD3AEF8001A1C69 /* CLEssenceViewController.m */,
			);
			path = ViewController;
			sourceTree = "<group>";
		};
		0456BF6D1FD3AEFD001A1C69 /* Model */ = {
			isa = PBXGroup;
			children = (
			);
			path = Model;
			sourceTree = "<group>";
		};
		0456BF6E1FD3AF11001A1C69 /* View */ = {
			isa = PBXGroup;
			children = (
			);
			path = View;
			sourceTree = "<group>";
		};
		0456BF6F1FD3AF1C001A1C69 /* ViewController */ = {
			isa = PBXGroup;
			children = (
				0456BF701FD3AF35001A1C69 /* CLNewPostsViewController.h */,
				0456BF711FD3AF35001A1C69 /* CLNewPostsViewController.m */,
			);
			path = ViewController;
			sourceTree = "<group>";
		};
		0456BF731FD3AF39001A1C69 /* View */ = {
			isa = PBXGroup;
			children = (
			);
			path = View;
			sourceTree = "<group>";
		};
		0456BF741FD3AF46001A1C69 /* Model */ = {
			isa = PBXGroup;
			children = (
			);
			path = Model;
			sourceTree = "<group>";
		};
		0456BF751FD3AF59001A1C69 /* View */ = {
			isa = PBXGroup;
			children = (
			);
			path = View;
			sourceTree = "<group>";
		};
		0456BF761FD3AF5F001A1C69 /* Model */ = {
			isa = PBXGroup;
			children = (
			);
			path = Model;
			sourceTree = "<group>";
		};
		0456BF771FD3AF69001A1C69 /* ViewController */ = {
			isa = PBXGroup;
			children = (
				0456BF781FD3AF7B001A1C69 /* CLFollowViewController.h */,
				0456BF791FD3AF7B001A1C69 /* CLFollowViewController.m */,
				04ABA3BF1FDEC39100CA9D9B /* CLFollowViewController.xib */,
			);
			path = ViewController;
			sourceTree = "<group>";
		};
		0456BF7B1FD3AF8A001A1C69 /* ViewControllers */ = {
			isa = PBXGroup;
			children = (
				046580631FEAA80E0020D4C3 /* CLWebViewController.h */,
				046580641FEAA80E0020D4C3 /* CLWebViewController.m */,
				046580651FEAA80E0020D4C3 /* CLWebViewController.xib */,
				0456BF7E1FD3AFB5001A1C69 /* CLMeViewController.h */,
				0456BF7F1FD3AFB5001A1C69 /* CLMeViewController.m */,
				04DAF25F1FD83A28001A8BD9 /* CLSettingController.h */,
				04DAF2601FD83A28001A8BD9 /* CLSettingController.m */,
			);
			path = ViewControllers;
			sourceTree = "<group>";
		};
		0456BF7C1FD3AF97001A1C69 /* Model */ = {
			isa = PBXGroup;
			children = (
				04CA78161FE8084B002456A9 /* CLSquare.h */,
				04CA78171FE8084B002456A9 /* CLSquare.m */,
			);
			path = Model;
			sourceTree = "<group>";
		};
		0456BF7D1FD3AFA6001A1C69 /* View */ = {
			isa = PBXGroup;
			children = (
				041CE4791FE67EED00BB42D0 /* CLMeTableViewCell.h */,
				041CE47A1FE67EED00BB42D0 /* CLMeTableViewCell.m */,
				041CE47C1FE690F600BB42D0 /* CLTableViewFootView.h */,
				041CE47D1FE690F600BB42D0 /* CLTableViewFootView.m */,
				04921D4A1FE95C2E0093FC45 /* CLMeFootButton.h */,
				04921D4B1FE95C2E0093FC45 /* CLMeFootButton.m */,
			);
			path = View;
			sourceTree = "<group>";
		};
		04CA78191FE809A1002456A9 /* MJExtension */ = {
			isa = PBXGroup;
			children = (
				04CA781A1FE809A1002456A9 /* Info.plist */,
				04CA781B1FE809A1002456A9 /* MJExtension.h */,
				04CA781C1FE809A1002456A9 /* MJExtensionConst.h */,
				04CA781D1FE809A1002456A9 /* MJExtensionConst.m */,
				04CA781E1FE809A1002456A9 /* MJFoundation.h */,
				04CA781F1FE809A1002456A9 /* MJFoundation.m */,
				04CA78201FE809A1002456A9 /* MJProperty.h */,
				04CA78211FE809A1002456A9 /* MJProperty.m */,
				04CA78221FE809A1002456A9 /* MJPropertyKey.h */,
				04CA78231FE809A1002456A9 /* MJPropertyKey.m */,
				04CA78241FE809A1002456A9 /* MJPropertyType.h */,
				04CA78251FE809A1002456A9 /* MJPropertyType.m */,
				04CA78261FE809A1002456A9 /* NSObject+MJClass.h */,
				04CA78271FE809A1002456A9 /* NSObject+MJClass.m */,
				04CA78281FE809A1002456A9 /* NSObject+MJCoding.h */,
				04CA78291FE809A1002456A9 /* NSObject+MJCoding.m */,
				04CA782A1FE809A1002456A9 /* NSObject+MJKeyValue.h */,
				04CA782B1FE809A1002456A9 /* NSObject+MJKeyValue.m */,
				04CA782C1FE809A1002456A9 /* NSObject+MJProperty.h */,
				04CA782D1FE809A1002456A9 /* NSObject+MJProperty.m */,
				04CA782E1FE809A1002456A9 /* NSString+MJExtension.h */,
				04CA782F1FE809A1002456A9 /* NSString+MJExtension.m */,
			);
			path = MJExtension;
			sourceTree = "<group>";
		};
		04CE4A151FCC407A00B3798E = {
			isa = PBXGroup;
			children = (
				04CE4A201FCC407A00B3798E /* 百思不得其解 */,
				04CE4A1F1FCC407A00B3798E /* Products */,
				0456BF501FD3A73D001A1C69 /* Frameworks */,
			);
			sourceTree = "<group>";
		};
		04CE4A1F1FCC407A00B3798E /* Products */ = {
			isa = PBXGroup;
			children = (
				04CE4A1E1FCC407A00B3798E /* 百思不得其解.app */,
			);
			name = Products;
			sourceTree = "<group>";
		};
		04CE4A201FCC407A00B3798E /* 百思不得其解 */ = {
			isa = PBXGroup;
			children = (
				041CCFC31FD0510500588155 /* Classes */,
				04CE4A371FCC409700B3798E /* Supporting Files */,
				044CE5171FE7EC1B00AAC8CF /* ThirdParty */,
			);
			path = "百思不得其解";
			sourceTree = "<group>";
		};
		04CE4A371FCC409700B3798E /* Supporting Files */ = {
			isa = PBXGroup;
			children = (
				0456BF5E1FD3AE6F001A1C69 /* PrefixHeader.pch */,
				04CE4A2F1FCC407A00B3798E /* Info.plist */,
				04CE4A2A1FCC407A00B3798E /* Assets.xcassets */,
				04CE4A301FCC407A00B3798E /* main.m */,
			);
			path = "Supporting Files";
			sourceTree = "<group>";
		};
/* End PBXGroup section */

/* Begin PBXNativeTarget section */
		04CE4A1D1FCC407A00B3798E /* 百思不得其解 */ = {
			isa = PBXNativeTarget;
			buildConfigurationList = 04CE4A341FCC407A00B3798E /* Build configuration list for PBXNativeTarget "百思不得其解" */;
			buildPhases = (
				04CE4A1A1FCC407A00B3798E /* Sources */,
				04CE4A1B1FCC407A00B3798E /* Frameworks */,
				04CE4A1C1FCC407A00B3798E /* Resources */,
			);
			buildRules = (
			);
			dependencies = (
			);
			name = "百思不得其解";
			productName = "百思不得其解";
			productReference = 04CE4A1E1FCC407A00B3798E /* 百思不得其解.app */;
			productType = "com.apple.product-type.application";
		};
/* End PBXNativeTarget section */

/* Begin PBXProject section */
		04CE4A161FCC407A00B3798E /* Project object */ = {
			isa = PBXProject;
			attributes = {
				CLASSPREFIX = CL;
				LastUpgradeCheck = 0910;
				ORGANIZATIONNAME = LongCh;
				TargetAttributes = {
					04CE4A1D1FCC407A00B3798E = {
						CreatedOnToolsVersion = 9.1;
						ProvisioningStyle = Automatic;
					};
				};
			};
			buildConfigurationList = 04CE4A191FCC407A00B3798E /* Build configuration list for PBXProject "百思不得其解" */;
			compatibilityVersion = "Xcode 8.0";
			developmentRegion = en;
			hasScannedForEncodings = 0;
			knownRegions = (
				en,
				Base,
			);
			mainGroup = 04CE4A151FCC407A00B3798E;
			productRefGroup = 04CE4A1F1FCC407A00B3798E /* Products */;
			projectDirPath = "";
			projectRoot = "";
			targets = (
				04CE4A1D1FCC407A00B3798E /* 百思不得其解 */,
			);
		};
/* End PBXProject section */

/* Begin PBXResourcesBuildPhase section */
		04CE4A1C1FCC407A00B3798E /* Resources */ = {
			isa = PBXResourcesBuildPhase;
			buildActionMask = 2147483647;
			files = (
				04CA78301FE809A1002456A9 /* Info.plist in Resources */,
				046580671FEAA80E0020D4C3 /* CLWebViewController.xib in Resources */,
				04CE4A2B1FCC407A00B3798E /* Assets.xcassets in Resources */,
				04ABA3BE1FDEBDBF00CA9D9B /* CLLoginRegisterViewController.xib in Resources */,
				04ABA3C01FDEC39100CA9D9B /* CLFollowViewController.xib in Resources */,
			);
			runOnlyForDeploymentPostprocessing = 0;
		};
/* End PBXResourcesBuildPhase section */

/* Begin PBXSourcesBuildPhase section */
		04CE4A1A1FCC407A00B3798E /* Sources */ = {
			isa = PBXSourcesBuildPhase;
			buildActionMask = 2147483647;
			files = (
				04CA78371FE809A1002456A9 /* NSObject+MJCoding.m in Sources */,
				04CA78381FE809A1002456A9 /* NSObject+MJKeyValue.m in Sources */,
				041CE47B1FE67EED00BB42D0 /* CLMeTableViewCell.m in Sources */,
				044CE59C1FE7ECC200AAC8CF /* UIRefreshControl+AFNetworking.m in Sources */,
				0456BF681FD3AE6F001A1C69 /* TabBarViewController.m in Sources */,
				048998851FE160F100FA0A30 /* CLLoginRegisterTextField.m in Sources */,
				044CE5971FE7ECC200AAC8CF /* AFNetworkActivityIndicatorManager.m in Sources */,
				044CE55B1FE7EC1B00AAC8CF /* SDWebImageDownloader.m in Sources */,
				04CA78181FE8084B002456A9 /* CLSquare.m in Sources */,
				044CE5981FE7ECC200AAC8CF /* UIActivityIndicatorView+AFNetworking.m in Sources */,
				04E9825D1FE41A220034C8EF /* UITextField+CLExtension.m in Sources */,
				044CE5561FE7EC1B00AAC8CF /* SDImageCacheConfig.m in Sources */,
				044CE5621FE7EC1B00AAC8CF /* SDWebImageWebPCoder.m in Sources */,
				04DAF2611FD83A28001A8BD9 /* CLSettingController.m in Sources */,
				0456BF671FD3AE6F001A1C69 /* CLTabBar.m in Sources */,
				044CE5611FE7EC1B00AAC8CF /* SDWebImagePrefetcher.m in Sources */,
				044CE5551FE7EC1B00AAC8CF /* SDImageCache.m in Sources */,
				0456BF651FD3AE6F001A1C69 /* AppDelegate.m in Sources */,
				04ABA3C31FDED5A300CA9D9B /* CLButton.m in Sources */,
				044CE5591FE7EC1B00AAC8CF /* SDWebImageCodersManager.m in Sources */,
				041CE47E1FE690F600BB42D0 /* CLTableViewFootView.m in Sources */,
				044CE55C1FE7EC1B00AAC8CF /* SDWebImageDownloaderOperation.m in Sources */,
				044CE57D1FE7ECB500AAC8CF /* AFURLRequestSerialization.m in Sources */,
				04CA783A1FE809A1002456A9 /* NSString+MJExtension.m in Sources */,
				044CE55D1FE7EC1B00AAC8CF /* SDWebImageFrame.m in Sources */,
				044CE5651FE7EC1B00AAC8CF /* UIImage+GIF.m in Sources */,
				044CE5541FE7EC1B00AAC8CF /* NSImage+WebCache.m in Sources */,
				044CE59D1FE7ECC200AAC8CF /* UIWebView+AFNetworking.m in Sources */,
				044CE5951FE7ECC200AAC8CF /* AFAutoPurgingImageCache.m in Sources */,
				044CE55F1FE7EC1B00AAC8CF /* SDWebImageImageIOCoder.m in Sources */,
				04CA78351FE809A1002456A9 /* MJPropertyType.m in Sources */,
				044CE57C1FE7ECB500AAC8CF /* AFSecurityPolicy.m in Sources */,
				044CE5531FE7EC1B00AAC8CF /* NSData+ImageContentType.m in Sources */,
				044CE57B1FE7ECB500AAC8CF /* AFNetworkReachabilityManager.m in Sources */,
				044CE5691FE7EC1B00AAC8CF /* UIImageView+WebCache.m in Sources */,
				044CE5991FE7ECC200AAC8CF /* UIButton+AFNetworking.m in Sources */,
				0456BF661FD3AE6F001A1C69 /* UIView+CLExtention.m in Sources */,
				044CE5521FE7EC1B00AAC8CF /* MKAnnotationView+WebCache.m in Sources */,
				04CA78391FE809A1002456A9 /* NSObject+MJProperty.m in Sources */,
				044CE5961FE7ECC200AAC8CF /* AFImageDownloader.m in Sources */,
				04921D4C1FE95C2E0093FC45 /* CLMeFootButton.m in Sources */,
				04CA78331FE809A1002456A9 /* MJProperty.m in Sources */,
				041CE4781FE67A5F00BB42D0 /* Constants.m in Sources */,
				04CA78341FE809A1002456A9 /* MJPropertyKey.m in Sources */,
				04CA78361FE809A1002456A9 /* NSObject+MJClass.m in Sources */,
				044CE5671FE7EC1B00AAC8CF /* UIImage+WebP.m in Sources */,
				044CE59A1FE7ECC200AAC8CF /* UIImageView+AFNetworking.m in Sources */,
				044CE5661FE7EC1B00AAC8CF /* UIImage+MultiFormat.m in Sources */,
				044CE5601FE7EC1B00AAC8CF /* SDWebImageManager.m in Sources */,
				044CE57A1FE7ECB500AAC8CF /* AFHTTPSessionManager.m in Sources */,
				044CE5641FE7EC1B00AAC8CF /* UIImage+ForceDecode.m in Sources */,
				044CE56B1FE7EC1B00AAC8CF /* UIView+WebCacheOperation.m in Sources */,
				0456BF7A1FD3AF7B001A1C69 /* CLFollowViewController.m in Sources */,
				04ABA3BD1FDEBDBF00CA9D9B /* CLLoginRegisterViewController.m in Sources */,
				044CE57F1FE7ECB500AAC8CF /* AFURLSessionManager.m in Sources */,
				044CE5581FE7EC1B00AAC8CF /* SDWebImageCoderHelper.m in Sources */,
				044CE5571FE7EC1B00AAC8CF /* SDWebImageCoder.m in Sources */,
				044CE55A1FE7EC1B00AAC8CF /* SDWebImageCompat.m in Sources */,
				044CE59B1FE7ECC200AAC8CF /* UIProgressView+AFNetworking.m in Sources */,
				0434A9F61FD5691900D63B93 /* CLItemManager.m in Sources */,
				044CE5631FE7EC1B00AAC8CF /* UIButton+WebCache.m in Sources */,
				044CE55E1FE7EC1B00AAC8CF /* SDWebImageGIFCoder.m in Sources */,
				04DAF25E1FD834A5001A8BD9 /* CLNavigationController.m in Sources */,
				0456BF6C1FD3AEF8001A1C69 /* CLEssenceViewController.m in Sources */,
				04CE4A311FCC407A00B3798E /* main.m in Sources */,
				044CE57E1FE7ECB500AAC8CF /* AFURLResponseSerialization.m in Sources */,
				04CA78321FE809A1002456A9 /* MJFoundation.m in Sources */,
				044CE56A1FE7EC1B00AAC8CF /* UIView+WebCache.m in Sources */,
				046580661FEAA80E0020D4C3 /* CLWebViewController.m in Sources */,
				044CE5681FE7EC1B00AAC8CF /* UIImageView+HighlightedWebCache.m in Sources */,
				0449122A1FED564700AF5E6B /* NSString+CLExtension.m in Sources */,
				0456BF721FD3AF35001A1C69 /* CLNewPostsViewController.m in Sources */,
				04CA78311FE809A1002456A9 /* MJExtensionConst.m in Sources */,
				0456BF801FD3AFB5001A1C69 /* CLMeViewController.m in Sources */,
			);
			runOnlyForDeploymentPostprocessing = 0;
		};
/* End PBXSourcesBuildPhase section */

/* Begin XCBuildConfiguration section */
		04CE4A321FCC407A00B3798E /* Debug */ = {
			isa = XCBuildConfiguration;
			buildSettings = {
				ALWAYS_SEARCH_USER_PATHS = NO;
				CLANG_ANALYZER_NONNULL = YES;
				CLANG_ANALYZER_NUMBER_OBJECT_CONVERSION = YES_AGGRESSIVE;
				CLANG_CXX_LANGUAGE_STANDARD = "gnu++14";
				CLANG_CXX_LIBRARY = "libc++";
				CLANG_ENABLE_MODULES = YES;
				CLANG_ENABLE_OBJC_ARC = YES;
				CLANG_WARN_BLOCK_CAPTURE_AUTORELEASING = YES;
				CLANG_WARN_BOOL_CONVERSION = YES;
				CLANG_WARN_COMMA = YES;
				CLANG_WARN_CONSTANT_CONVERSION = YES;
				CLANG_WARN_DIRECT_OBJC_ISA_USAGE = YES_ERROR;
				CLANG_WARN_DOCUMENTATION_COMMENTS = YES;
				CLANG_WARN_EMPTY_BODY = YES;
				CLANG_WARN_ENUM_CONVERSION = YES;
				CLANG_WARN_INFINITE_RECURSION = YES;
				CLANG_WARN_INT_CONVERSION = YES;
				CLANG_WARN_NON_LITERAL_NULL_CONVERSION = YES;
				CLANG_WARN_OBJC_LITERAL_CONVERSION = YES;
				CLANG_WARN_OBJC_ROOT_CLASS = YES_ERROR;
				CLANG_WARN_RANGE_LOOP_ANALYSIS = YES;
				CLANG_WARN_STRICT_PROTOTYPES = YES;
				CLANG_WARN_SUSPICIOUS_MOVE = YES;
				CLANG_WARN_UNGUARDED_AVAILABILITY = YES_AGGRESSIVE;
				CLANG_WARN_UNREACHABLE_CODE = YES;
				CLANG_WARN__DUPLICATE_METHOD_MATCH = YES;
				CODE_SIGN_IDENTITY = "iPhone Developer";
				COPY_PHASE_STRIP = NO;
				DEBUG_INFORMATION_FORMAT = dwarf;
				ENABLE_STRICT_OBJC_MSGSEND = YES;
				ENABLE_TESTABILITY = YES;
				GCC_C_LANGUAGE_STANDARD = gnu11;
				GCC_DYNAMIC_NO_PIC = NO;
				GCC_NO_COMMON_BLOCKS = YES;
				GCC_OPTIMIZATION_LEVEL = 0;
				GCC_PREFIX_HEADER = "百思不得其解/Supporting Files/PrefixHeader.pch";
				GCC_PREPROCESSOR_DEFINITIONS = (
					"DEBUG=1",
					"$(inherited)",
				);
				GCC_WARN_64_TO_32_BIT_CONVERSION = YES;
				GCC_WARN_ABOUT_RETURN_TYPE = YES_ERROR;
				GCC_WARN_UNDECLARED_SELECTOR = YES;
				GCC_WARN_UNINITIALIZED_AUTOS = YES_AGGRESSIVE;
				GCC_WARN_UNUSED_FUNCTION = YES;
				GCC_WARN_UNUSED_VARIABLE = YES;
				IPHONEOS_DEPLOYMENT_TARGET = 11.1;
				MTL_ENABLE_DEBUG_INFO = YES;
				ONLY_ACTIVE_ARCH = YES;
				SDKROOT = iphoneos;
			};
			name = Debug;
		};
		04CE4A331FCC407A00B3798E /* Release */ = {
			isa = XCBuildConfiguration;
			buildSettings = {
				ALWAYS_SEARCH_USER_PATHS = NO;
				CLANG_ANALYZER_NONNULL = YES;
				CLANG_ANALYZER_NUMBER_OBJECT_CONVERSION = YES_AGGRESSIVE;
				CLANG_CXX_LANGUAGE_STANDARD = "gnu++14";
				CLANG_CXX_LIBRARY = "libc++";
				CLANG_ENABLE_MODULES = YES;
				CLANG_ENABLE_OBJC_ARC = YES;
				CLANG_WARN_BLOCK_CAPTURE_AUTORELEASING = YES;
				CLANG_WARN_BOOL_CONVERSION = YES;
				CLANG_WARN_COMMA = YES;
				CLANG_WARN_CONSTANT_CONVERSION = YES;
				CLANG_WARN_DIRECT_OBJC_ISA_USAGE = YES_ERROR;
				CLANG_WARN_DOCUMENTATION_COMMENTS = YES;
				CLANG_WARN_EMPTY_BODY = YES;
				CLANG_WARN_ENUM_CONVERSION = YES;
				CLANG_WARN_INFINITE_RECURSION = YES;
				CLANG_WARN_INT_CONVERSION = YES;
				CLANG_WARN_NON_LITERAL_NULL_CONVERSION = YES;
				CLANG_WARN_OBJC_LITERAL_CONVERSION = YES;
				CLANG_WARN_OBJC_ROOT_CLASS = YES_ERROR;
				CLANG_WARN_RANGE_LOOP_ANALYSIS = YES;
				CLANG_WARN_STRICT_PROTOTYPES = YES;
				CLANG_WARN_SUSPICIOUS_MOVE = YES;
				CLANG_WARN_UNGUARDED_AVAILABILITY = YES_AGGRESSIVE;
				CLANG_WARN_UNREACHABLE_CODE = YES;
				CLANG_WARN__DUPLICATE_METHOD_MATCH = YES;
				CODE_SIGN_IDENTITY = "iPhone Developer";
				COPY_PHASE_STRIP = NO;
				DEBUG_INFORMATION_FORMAT = "dwarf-with-dsym";
				ENABLE_NS_ASSERTIONS = NO;
				ENABLE_STRICT_OBJC_MSGSEND = YES;
				GCC_C_LANGUAGE_STANDARD = gnu11;
				GCC_NO_COMMON_BLOCKS = YES;
				GCC_PREFIX_HEADER = "百思不得其解/Supporting Files/PrefixHeader.pch";
				GCC_WARN_64_TO_32_BIT_CONVERSION = YES;
				GCC_WARN_ABOUT_RETURN_TYPE = YES_ERROR;
				GCC_WARN_UNDECLARED_SELECTOR = YES;
				GCC_WARN_UNINITIALIZED_AUTOS = YES_AGGRESSIVE;
				GCC_WARN_UNUSED_FUNCTION = YES;
				GCC_WARN_UNUSED_VARIABLE = YES;
				IPHONEOS_DEPLOYMENT_TARGET = 11.1;
				MTL_ENABLE_DEBUG_INFO = NO;
				SDKROOT = iphoneos;
				VALIDATE_PRODUCT = YES;
			};
			name = Release;
		};
		04CE4A351FCC407A00B3798E /* Debug */ = {
			isa = XCBuildConfiguration;
			buildSettings = {
				ASSETCATALOG_COMPILER_APPICON_NAME = AppIcon;
				ASSETCATALOG_COMPILER_LAUNCHIMAGE_NAME = LaunchImage;
				CODE_SIGN_STYLE = Automatic;
				DEVELOPMENT_TEAM = E9K9CQ2JC7;
				GCC_PREFIX_HEADER = "百思不得其解/Supporting Files/PrefixHeader.pch";
				INFOPLIST_FILE = "百思不得其解/Supporting Files/Info.plist";
				LD_RUNPATH_SEARCH_PATHS = "$(inherited) @executable_path/Frameworks";
				PRODUCT_BUNDLE_IDENTIFIER = "longC.------";
				PRODUCT_NAME = "$(TARGET_NAME)";
				TARGETED_DEVICE_FAMILY = "1,2";
			};
			name = Debug;
		};
		04CE4A361FCC407A00B3798E /* Release */ = {
			isa = XCBuildConfiguration;
			buildSettings = {
				ASSETCATALOG_COMPILER_APPICON_NAME = AppIcon;
				ASSETCATALOG_COMPILER_LAUNCHIMAGE_NAME = LaunchImage;
				CODE_SIGN_STYLE = Automatic;
				DEVELOPMENT_TEAM = E9K9CQ2JC7;
				GCC_PREFIX_HEADER = "百思不得其解/Supporting Files/PrefixHeader.pch";
				INFOPLIST_FILE = "百思不得其解/Supporting Files/Info.plist";
				LD_RUNPATH_SEARCH_PATHS = "$(inherited) @executable_path/Frameworks";
				PRODUCT_BUNDLE_IDENTIFIER = "longC.------";
				PRODUCT_NAME = "$(TARGET_NAME)";
				TARGETED_DEVICE_FAMILY = "1,2";
			};
			name = Release;
		};
/* End XCBuildConfiguration section */

/* Begin XCConfigurationList section */
		04CE4A191FCC407A00B3798E /* Build configuration list for PBXProject "百思不得其解" */ = {
			isa = XCConfigurationList;
			buildConfigurations = (
				04CE4A321FCC407A00B3798E /* Debug */,
				04CE4A331FCC407A00B3798E /* Release */,
			);
			defaultConfigurationIsVisible = 0;
			defaultConfigurationName = Release;
		};
		04CE4A341FCC407A00B3798E /* Build configuration list for PBXNativeTarget "百思不得其解" */ = {
			isa = XCConfigurationList;
			buildConfigurations = (
				04CE4A351FCC407A00B3798E /* Debug */,
				04CE4A361FCC407A00B3798E /* Release */,
			);
			defaultConfigurationIsVisible = 0;
			defaultConfigurationName = Release;
		};
/* End XCConfigurationList section */
	};
	rootObject = 04CE4A161FCC407A00B3798E /* Project object */;
}
